{
  "version": 4,
  "terraform_version": "1.13.4",
  "serial": 282,
  "lineage": "fd428bb5-9902-23eb-47fc-3a7632e7e311",
  "outputs": {},
  "resources": [
    {
      "mode": "data",
      "type": "aws_caller_identity",
      "name": "current",
      "provider": "provider[\"registry.terraform.io/hashicorp/aws\"]",
      "instances": [
        {
          "schema_version": 0,
          "attributes": {
            "account_id": "879363564916",
            "arn": "arn:aws:iam::879363564916:user/terraform-develop-user-admin",
            "id": "879363564916",
            "user_id": "AIDA4ZPRHEV2PWPSDKR5L"
          },
          "sensitive_attributes": [],
          "identity_schema_version": 0
        }
      ]
    },
    {
      "mode": "managed",
      "type": "aws_cloudwatch_log_group",
      "name": "eventbridge_debug",
      "provider": "provider[\"registry.terraform.io/hashicorp/aws\"]",
      "instances": [
        {
          "schema_version": 0,
          "attributes": {
            "arn": "arn:aws:logs:ap-northeast-1:879363564916:log-group:/aws/events/youtube-pipeline-event-bus-debug-log",
            "id": "/aws/events/youtube-pipeline-event-bus-debug-log",
            "kms_key_id": "",
            "log_group_class": "STANDARD",
            "name": "/aws/events/youtube-pipeline-event-bus-debug-log",
            "name_prefix": "",
            "region": "ap-northeast-1",
            "retention_in_days": 7,
            "skip_destroy": false,
            "tags": {},
            "tags_all": {}
          },
          "sensitive_attributes": [],
          "identity_schema_version": 0,
          "identity": {
            "account_id": "879363564916",
            "name": "/aws/events/youtube-pipeline-event-bus-debug-log",
            "region": "ap-northeast-1"
          },
          "private": "bnVsbA=="
        }
      ]
    },
    {
      "mode": "managed",
      "type": "aws_ecr_repository",
      "name": "lambda_ecr_repository",
      "provider": "provider[\"registry.terraform.io/hashicorp/aws\"]",
      "instances": [
        {
          "schema_version": 0,
          "attributes": {
            "arn": "arn:aws:ecr:ap-northeast-1:879363564916:repository/youtube-lambda-scraper-repository",
            "encryption_configuration": [
              {
                "encryption_type": "AES256",
                "kms_key": ""
              }
            ],
            "force_delete": true,
            "id": "youtube-lambda-scraper-repository",
            "image_scanning_configuration": [
              {
                "scan_on_push": true
              }
            ],
            "image_tag_mutability": "MUTABLE",
            "image_tag_mutability_exclusion_filter": [],
            "name": "youtube-lambda-scraper-repository",
            "region": "ap-northeast-1",
            "registry_id": "879363564916",
            "repository_url": "879363564916.dkr.ecr.ap-northeast-1.amazonaws.com/youtube-lambda-scraper-repository",
            "tags": {},
            "tags_all": {},
            "timeouts": null
          },
          "sensitive_attributes": [],
          "identity_schema_version": 0,
          "identity": {
            "account_id": "879363564916",
            "name": "youtube-lambda-scraper-repository",
            "region": "ap-northeast-1"
          },
          "private": "eyJlMmJmYjczMC1lY2FhLTExZTYtOGY4OC0zNDM2M2JjN2M0YzAiOnsiZGVsZXRlIjoxMjAwMDAwMDAwMDAwfX0="
        }
      ]
    },
    {
      "mode": "managed",
      "type": "aws_glue_catalog_database",
      "name": "crawler_db",
      "provider": "provider[\"registry.terraform.io/hashicorp/aws\"]",
      "instances": [
        {
          "schema_version": 0,
          "attributes": {
            "arn": "arn:aws:glue:ap-northeast-1:879363564916:database/youtube_analysis_db",
            "catalog_id": "879363564916",
            "create_table_default_permission": [
              {
                "permissions": [
                  "ALL"
                ],
                "principal": [
                  {
                    "data_lake_principal_identifier": "IAM_ALLOWED_PRINCIPALS"
                  }
                ]
              }
            ],
            "description": "",
            "federated_database": [],
            "id": "879363564916:youtube_analysis_db",
            "location_uri": "",
            "name": "youtube_analysis_db",
            "parameters": {},
            "region": "ap-northeast-1",
            "tags": {},
            "tags_all": {},
            "target_database": []
          },
          "sensitive_attributes": [],
          "identity_schema_version": 0,
          "private": "bnVsbA=="
        }
      ]
    },
    {
      "mode": "managed",
      "type": "aws_glue_connection",
      "name": "bigquery_connection",
      "provider": "provider[\"registry.terraform.io/hashicorp/aws\"]",
      "instances": [
        {
          "schema_version": 0,
          "attributes": {
            "arn": "arn:aws:glue:ap-northeast-1:879363564916:connection/bigquery-connector-spark-connection",
            "athena_properties": {},
            "catalog_id": "879363564916",
            "connection_properties": {
              "SparkProperties": "{\"secretId\":\"project-youtube-bigquery-secret-key20251020132539949500000001\"}"
            },
            "connection_type": "BIGQUERY",
            "description": "AWS Glue BigQuery Connection using SparkProperties.",
            "id": "879363564916:bigquery-connector-spark-connection",
            "match_criteria": [],
            "name": "bigquery-connector-spark-connection",
            "physical_connection_requirements": [],
            "region": "ap-northeast-1",
            "tags": {},
            "tags_all": {}
          },
          "sensitive_attributes": [
            [
              {
                "type": "get_attr",
                "value": "athena_properties"
              }
            ],
            [
              {
                "type": "get_attr",
                "value": "connection_properties"
              }
            ]
          ],
          "identity_schema_version": 0,
          "private": "bnVsbA==",
          "dependencies": [
            "module.bigquery_secret.aws_secretsmanager_secret.this"
          ]
        }
      ]
    },
    {
      "mode": "managed",
      "type": "aws_glue_crawler",
      "name": "youtube_processed_data_crawler",
      "provider": "provider[\"registry.terraform.io/hashicorp/aws\"]",
      "instances": [
        {
          "schema_version": 0,
          "attributes": {
            "arn": "arn:aws:glue:ap-northeast-1:879363564916:crawler/youtube_processed_data_crawler",
            "catalog_target": [],
            "classifiers": [],
            "configuration": "",
            "database_name": "youtube_analysis_db",
            "delta_target": [],
            "description": "",
            "dynamodb_target": [],
            "hudi_target": [],
            "iceberg_target": [],
            "id": "youtube_processed_data_crawler",
            "jdbc_target": [],
            "lake_formation_configuration": [
              {
                "account_id": "",
                "use_lake_formation_credentials": false
              }
            ],
            "lineage_configuration": [
              {
                "crawler_lineage_settings": "DISABLE"
              }
            ],
            "mongodb_target": [],
            "name": "youtube_processed_data_crawler",
            "recrawl_policy": [
              {
                "recrawl_behavior": "CRAWL_EVERYTHING"
              }
            ],
            "region": "ap-northeast-1",
            "role": "glue-youtube-job-role20251020132539951400000003",
            "s3_target": [
              {
                "connection_name": "",
                "dlq_event_queue_arn": "",
                "event_queue_arn": "",
                "exclusions": [],
                "path": "s3://youtube-data-pipeline-bucket-1016",
                "sample_size": 0
              }
            ],
            "schedule": "",
            "schema_change_policy": [
              {
                "delete_behavior": "DEPRECATE_IN_DATABASE",
                "update_behavior": "UPDATE_IN_DATABASE"
              }
            ],
            "security_configuration": "",
            "table_prefix": "",
            "tags": {},
            "tags_all": {}
          },
          "sensitive_attributes": [],
          "identity_schema_version": 0,
          "private": "bnVsbA==",
          "dependencies": [
            "aws_glue_catalog_database.crawler_db",
            "aws_iam_role.glue_job_execution_role"
          ]
        }
      ]
    },
    {
      "mode": "managed",
      "type": "aws_glue_job",
      "name": "youtube_data_processing_job",
      "provider": "provider[\"registry.terraform.io/hashicorp/aws\"]",
      "instances": [
        {
          "schema_version": 0,
          "attributes": {
            "arn": "arn:aws:glue:ap-northeast-1:879363564916:job/youtube-data-processing-job",
            "command": [
              {
                "name": "glueetl",
                "python_version": "3",
                "runtime": "",
                "script_location": "s3://youtube-glue-job-script-1016/jobs/youtube_processor.py"
              }
            ],
            "connections": [
              "bigquery-connector-spark-connection"
            ],
            "default_arguments": {
              "--TempDir": "s3://youtube-glue-job-script-1016/tmp/",
              "--continuous-log-logGroup": "/aws-glue/jobs",
              "--enable-auto-scaling": "true",
              "--enable-continuous-cloudwatch-log": "true",
              "--enable-continuous-log-filter": "true",
              "--enable-metrics": "true",
              "--enable-spark-ui": "true",
              "--job-language": "python",
              "--spark-ui-log-path": "s3://youtube-glue-job-script-1016/logs/spark-ui/"
            },
            "description": "Processes YouTube raw data and loads to the Data Catalog using BigQuery Connection.",
            "execution_class": "STANDARD",
            "execution_property": [
              {
                "max_concurrent_runs": 1
              }
            ],
            "glue_version": "5.0",
            "id": "youtube-data-processing-job",
            "job_mode": "SCRIPT",
            "job_run_queuing_enabled": false,
            "maintenance_window": "",
            "max_capacity": 2,
            "max_retries": 0,
            "name": "youtube-data-processing-job",
            "non_overridable_arguments": {},
            "notification_property": [],
            "number_of_workers": 2,
            "region": "ap-northeast-1",
            "role_arn": "arn:aws:iam::879363564916:role/glue-youtube-job-role20251020132539951400000003",
            "security_configuration": "",
            "source_control_details": [],
            "tags": {},
            "tags_all": {},
            "timeout": 20,
            "worker_type": "G.1X"
          },
          "sensitive_attributes": [],
          "identity_schema_version": 0,
          "private": "bnVsbA==",
          "dependencies": [
            "aws_glue_connection.bigquery_connection",
            "aws_iam_role.glue_job_execution_role",
            "aws_s3_bucket.s3_glue_script_bucket",
            "module.bigquery_secret.aws_secretsmanager_secret.this"
          ]
        }
      ]
    },
    {
      "mode": "managed",
      "type": "aws_iam_policy",
      "name": "glue_combined_policy",
      "provider": "provider[\"registry.terraform.io/hashicorp/aws\"]",
      "instances": [
        {
          "schema_version": 0,
          "attributes": {
            "arn": "arn:aws:iam::879363564916:policy/glue-youtube-job-combined-policy20251020132541236200000005",
            "attachment_count": 1,
            "description": "",
            "id": "arn:aws:iam::879363564916:policy/glue-youtube-job-combined-policy20251020132541236200000005",
            "name": "glue-youtube-job-combined-policy20251020132541236200000005",
            "name_prefix": "glue-youtube-job-combined-policy",
            "path": "/",
            "policy": "{\"Statement\":[{\"Action\":[\"secretsmanager:GetSecretValue\",\"s3:GetObject\",\"s3:PutObject\",\"s3:DeleteObject\"],\"Effect\":\"Allow\",\"Resource\":[\"arn:aws:secretsmanager:ap-northeast-1:879363564916:secret:project-youtube-bigquery-secret-key20251020132539949500000001-Ij8UXq\",\"arn:aws:s3:::youtube-data-pipeline-bucket-1016/*\",\"arn:aws:s3:::youtube-glue-job-script-1016/*\"],\"Sid\":\"DataAccessAndSecrets\"},{\"Action\":[\"s3:ListBucket\"],\"Effect\":\"Allow\",\"Resource\":[\"arn:aws:s3:::youtube-data-pipeline-bucket-1016\",\"arn:aws:s3:::youtube-glue-job-script-1016\"],\"Sid\":\"ListS3Buckets\"},{\"Action\":[\"glue:GetDatabase\",\"glue:CreateTable\",\"glue:UpdateTable\",\"glue:GetTable\",\"glue:DeleteTable\",\"glue:GetTableVersions\",\"glue:GetPartitions\",\"glue:UpdatePartition\",\"glue:CreatePartition\",\"glue:BatchCreatePartition\",\"logs:CreateLogGroup\",\"logs:CreateLogStream\",\"logs:PutLogEvents\",\"iam:PassRole\"],\"Effect\":\"Allow\",\"Resource\":\"*\",\"Sid\":\"GlueCatalogAndLogs\"},{\"Action\":[\"glue:*\"],\"Effect\":\"Allow\",\"Resource\":\"*\",\"Sid\":\"GlueServiceWideAccess\"}],\"Version\":\"2012-10-17\"}",
            "policy_id": "ANPA4ZPRHEV2BXIBZMLOU",
            "tags": {},
            "tags_all": {}
          },
          "sensitive_attributes": [],
          "identity_schema_version": 0,
          "identity": {
            "arn": "arn:aws:iam::879363564916:policy/glue-youtube-job-combined-policy20251020132541236200000005"
          },
          "private": "bnVsbA==",
          "dependencies": [
            "aws_s3_bucket.s3_data_lake_bucket",
            "aws_s3_bucket.s3_glue_script_bucket",
            "module.bigquery_secret.aws_secretsmanager_secret.this"
          ]
        }
      ]
    },
    {
      "mode": "managed",
      "type": "aws_iam_policy",
      "name": "lambda_combined_execution_policy",
      "provider": "provider[\"registry.terraform.io/hashicorp/aws\"]",
      "instances": [
        {
          "schema_version": 0,
          "attributes": {
            "arn": "arn:aws:iam::879363564916:policy/youtube-pipeline-lambda-combined-policy",
            "attachment_count": 1,
            "description": "YouTube API実行Lambdaに必要な全ての権限（Logs, S3, Secrets）",
            "id": "arn:aws:iam::879363564916:policy/youtube-pipeline-lambda-combined-policy",
            "name": "youtube-pipeline-lambda-combined-policy",
            "name_prefix": "",
            "path": "/",
            "policy": "{\"Statement\":[{\"Action\":[\"logs:CreateLogGroup\",\"logs:CreateLogStream\",\"logs:PutLogEvents\"],\"Effect\":\"Allow\",\"Resource\":\"arn:aws:logs:*:*:*\",\"Sid\":\"CloudWatchLogsAccess\"},{\"Action\":[\"s3:PutObject\",\"s3:GetObject\",\"s3:ListBucket\"],\"Effect\":\"Allow\",\"Resource\":[\"arn:aws:s3:::youtube-data-pipeline-bucket-1016\",\"arn:aws:s3:::youtube-data-pipeline-bucket-1016/*\"],\"Sid\":\"S3DataLakeAccess\"},{\"Action\":[\"secretsmanager:GetSecretValue\",\"secretsmanager:DescribeSecret\"],\"Effect\":\"Allow\",\"Resource\":\"arn:aws:secretsmanager:ap-northeast-1:879363564916:secret:project-youtube-youtube-api-key20251017211049415400000001-Q6fY1m\",\"Sid\":\"SecretsManagerRead\"},{\"Action\":\"events:PutEvents\",\"Effect\":\"Allow\",\"Resource\":\"*\",\"Sid\":\"EventBridgePutEvents\"}],\"Version\":\"2012-10-17\"}",
            "policy_id": "ANPA4ZPRHEV2G44UGLMIM",
            "tags": {},
            "tags_all": {}
          },
          "sensitive_attributes": [],
          "identity_schema_version": 0,
          "identity": {
            "arn": "arn:aws:iam::879363564916:policy/youtube-pipeline-lambda-combined-policy"
          },
          "private": "bnVsbA==",
          "dependencies": [
            "aws_s3_bucket.s3_data_lake_bucket",
            "module.youtube_secret.aws_secretsmanager_secret.this"
          ]
        }
      ]
    },
    {
      "mode": "managed",
      "type": "aws_iam_role",
      "name": "glue_job_execution_role",
      "provider": "provider[\"registry.terraform.io/hashicorp/aws\"]",
      "instances": [
        {
          "schema_version": 0,
          "attributes": {
            "arn": "arn:aws:iam::879363564916:role/glue-youtube-job-role20251020132539951400000003",
            "assume_role_policy": "{\"Statement\":[{\"Action\":\"sts:AssumeRole\",\"Effect\":\"Allow\",\"Principal\":{\"Service\":\"glue.amazonaws.com\"}}],\"Version\":\"2012-10-17\"}",
            "create_date": "2025-10-20T13:25:40Z",
            "description": "IAM role for AWS Glue Job to access S3, Secrets Manager, and Data Catalog.",
            "force_detach_policies": false,
            "id": "glue-youtube-job-role20251020132539951400000003",
            "inline_policy": [],
            "managed_policy_arns": [
              "arn:aws:iam::879363564916:policy/glue-youtube-job-combined-policy20251020132541236200000005"
            ],
            "max_session_duration": 3600,
            "name": "glue-youtube-job-role20251020132539951400000003",
            "name_prefix": "glue-youtube-job-role",
            "path": "/",
            "permissions_boundary": "",
            "tags": {},
            "tags_all": {},
            "unique_id": "AROA4ZPRHEV2ILP6CI75L"
          },
          "sensitive_attributes": [],
          "identity_schema_version": 0,
          "identity": {
            "account_id": "879363564916",
            "name": "glue-youtube-job-role20251020132539951400000003"
          },
          "private": "bnVsbA=="
        }
      ]
    },
    {
      "mode": "managed",
      "type": "aws_iam_role",
      "name": "lambda_execution_role",
      "provider": "provider[\"registry.terraform.io/hashicorp/aws\"]",
      "instances": [
        {
          "schema_version": 0,
          "attributes": {
            "arn": "arn:aws:iam::879363564916:role/youtube-pipeline-lambda-role",
            "assume_role_policy": "{\"Statement\":[{\"Action\":\"sts:AssumeRole\",\"Effect\":\"Allow\",\"Principal\":{\"Service\":\"lambda.amazonaws.com\"}}],\"Version\":\"2012-10-17\"}",
            "create_date": "2025-10-17T21:10:49Z",
            "description": "",
            "force_detach_policies": false,
            "id": "youtube-pipeline-lambda-role",
            "inline_policy": [],
            "managed_policy_arns": [
              "arn:aws:iam::879363564916:policy/youtube-pipeline-lambda-combined-policy"
            ],
            "max_session_duration": 3600,
            "name": "youtube-pipeline-lambda-role",
            "name_prefix": "",
            "path": "/",
            "permissions_boundary": "",
            "tags": {
              "Environment": "Dev",
              "Project": "YouTubeDataPipeline"
            },
            "tags_all": {
              "Environment": "Dev",
              "Project": "YouTubeDataPipeline"
            },
            "unique_id": "AROA4ZPRHEV2OVUQBMU2I"
          },
          "sensitive_attributes": [],
          "identity_schema_version": 0,
          "identity": {
            "account_id": "879363564916",
            "name": "youtube-pipeline-lambda-role"
          },
          "private": "bnVsbA=="
        }
      ]
    },
    {
      "mode": "managed",
      "type": "aws_iam_role",
      "name": "sfn_glue_execution_role",
      "provider": "provider[\"registry.terraform.io/hashicorp/aws\"]",
      "instances": [
        {
          "schema_version": 0,
          "attributes": {
            "arn": "arn:aws:iam::879363564916:role/sfn-glue-execution-role",
            "assume_role_policy": "{\"Statement\":[{\"Action\":\"sts:AssumeRole\",\"Effect\":\"Allow\",\"Principal\":{\"Service\":\"states.amazonaws.com\"}}],\"Version\":\"2012-10-17\"}",
            "create_date": "2025-10-19T07:52:02Z",
            "description": "",
            "force_detach_policies": false,
            "id": "sfn-glue-execution-role",
            "inline_policy": [],
            "managed_policy_arns": [],
            "max_session_duration": 3600,
            "name": "sfn-glue-execution-role",
            "name_prefix": "",
            "path": "/",
            "permissions_boundary": "",
            "tags": {},
            "tags_all": {},
            "unique_id": "AROA4ZPRHEV2ACJ63INCM"
          },
          "sensitive_attributes": [],
          "identity_schema_version": 0,
          "identity": {
            "account_id": "879363564916",
            "name": "sfn-glue-execution-role"
          },
          "private": "bnVsbA=="
        }
      ]
    },
    {
      "mode": "managed",
      "type": "aws_iam_role_policy_attachment",
      "name": "glue_combined_attach",
      "provider": "provider[\"registry.terraform.io/hashicorp/aws\"]",
      "instances": [
        {
          "schema_version": 0,
          "attributes": {
            "id": "glue-youtube-job-role20251020132539951400000003/arn:aws:iam::879363564916:policy/glue-youtube-job-combined-policy20251020132541236200000005",
            "policy_arn": "arn:aws:iam::879363564916:policy/glue-youtube-job-combined-policy20251020132541236200000005",
            "role": "glue-youtube-job-role20251020132539951400000003"
          },
          "sensitive_attributes": [],
          "identity_schema_version": 0,
          "identity": {
            "account_id": "879363564916",
            "policy_arn": "arn:aws:iam::879363564916:policy/glue-youtube-job-combined-policy20251020132541236200000005",
            "role": "glue-youtube-job-role20251020132539951400000003"
          },
          "private": "bnVsbA==",
          "dependencies": [
            "aws_iam_policy.glue_combined_policy",
            "aws_iam_role.glue_job_execution_role",
            "aws_s3_bucket.s3_data_lake_bucket",
            "aws_s3_bucket.s3_glue_script_bucket",
            "module.bigquery_secret.aws_secretsmanager_secret.this"
          ]
        }
      ]
    },
    {
      "mode": "managed",
      "type": "aws_iam_role_policy_attachment",
      "name": "lambda_combined_attach",
      "provider": "provider[\"registry.terraform.io/hashicorp/aws\"]",
      "instances": [
        {
          "schema_version": 0,
          "attributes": {
            "id": "youtube-pipeline-lambda-role/arn:aws:iam::879363564916:policy/youtube-pipeline-lambda-combined-policy",
            "policy_arn": "arn:aws:iam::879363564916:policy/youtube-pipeline-lambda-combined-policy",
            "role": "youtube-pipeline-lambda-role"
          },
          "sensitive_attributes": [],
          "identity_schema_version": 0,
          "identity": {
            "account_id": "879363564916",
            "policy_arn": "arn:aws:iam::879363564916:policy/youtube-pipeline-lambda-combined-policy",
            "role": "youtube-pipeline-lambda-role"
          },
          "private": "bnVsbA==",
          "dependencies": [
            "aws_iam_policy.lambda_combined_execution_policy",
            "aws_iam_role.lambda_execution_role",
            "aws_s3_bucket.s3_data_lake_bucket",
            "module.youtube_secret.aws_secretsmanager_secret.this"
          ]
        }
      ]
    },
    {
      "mode": "managed",
      "type": "aws_lambda_function",
      "name": "youtube_lambda_scraper",
      "provider": "provider[\"registry.terraform.io/hashicorp/aws\"]",
      "instances": [
        {
          "schema_version": 0,
          "attributes": {
            "architectures": [
              "x86_64"
            ],
            "arn": "arn:aws:lambda:ap-northeast-1:879363564916:function:youtube-data-scraper",
            "code_sha256": "5de4ac400165e8c9d015b815f9a07c6b3f67ce06844908e1004a89d4c281beac",
            "code_signing_config_arn": "",
            "dead_letter_config": [],
            "description": "Scrape youtube data with Google API.",
            "environment": [
              {
                "variables": {
                  "BUCKET_NAME": "youtube-data-pipeline-bucket-1016",
                  "REGION_NAME": "ap-northeast-1",
                  "YOUTUBE_API_KEY_ARN": "arn:aws:secretsmanager:ap-northeast-1:879363564916:secret:project-youtube-youtube-api-key20251017211049415400000001-Q6fY1m"
                }
              }
            ],
            "ephemeral_storage": [
              {
                "size": 512
              }
            ],
            "file_system_config": [],
            "filename": null,
            "function_name": "youtube-data-scraper",
            "handler": "",
            "id": "youtube-data-scraper",
            "image_config": [
              {
                "command": [
                  "app_lambda.lambda_handler"
                ],
                "entry_point": [],
                "working_directory": ""
              }
            ],
            "image_uri": "879363564916.dkr.ecr.ap-northeast-1.amazonaws.com/youtube-lambda-scraper-repository:latest",
            "invoke_arn": "arn:aws:apigateway:ap-northeast-1:lambda:path/2015-03-31/functions/arn:aws:lambda:ap-northeast-1:879363564916:function:youtube-data-scraper/invocations",
            "kms_key_arn": "",
            "last_modified": "2025-10-23T00:19:45.000+0000",
            "layers": [],
            "logging_config": [
              {
                "application_log_level": "",
                "log_format": "Text",
                "log_group": "/aws/lambda/youtube-data-scraper",
                "system_log_level": ""
              }
            ],
            "memory_size": 256,
            "package_type": "Image",
            "publish": false,
            "qualified_arn": "arn:aws:lambda:ap-northeast-1:879363564916:function:youtube-data-scraper:$LATEST",
            "qualified_invoke_arn": "arn:aws:apigateway:ap-northeast-1:lambda:path/2015-03-31/functions/arn:aws:lambda:ap-northeast-1:879363564916:function:youtube-data-scraper:$LATEST/invocations",
            "region": "ap-northeast-1",
            "replace_security_groups_on_destroy": null,
            "replacement_security_group_ids": null,
            "reserved_concurrent_executions": -1,
            "role": "arn:aws:iam::879363564916:role/youtube-pipeline-lambda-role",
            "runtime": "",
            "s3_bucket": null,
            "s3_key": null,
            "s3_object_version": null,
            "signing_job_arn": "",
            "signing_profile_version_arn": "",
            "skip_destroy": false,
            "snap_start": [],
            "source_code_hash": "",
            "source_code_size": 0,
            "source_kms_key_arn": "",
            "tags": {},
            "tags_all": {},
            "timeout": 300,
            "timeouts": null,
            "tracing_config": [
              {
                "mode": "PassThrough"
              }
            ],
            "version": "$LATEST",
            "vpc_config": []
          },
          "sensitive_attributes": [],
          "identity_schema_version": 0,
          "identity": {
            "account_id": "879363564916",
            "function_name": "youtube-data-scraper",
            "region": "ap-northeast-1"
          },
          "private": "eyJlMmJmYjczMC1lY2FhLTExZTYtOGY4OC0zNDM2M2JjN2M0YzAiOnsiY3JlYXRlIjo2MDAwMDAwMDAwMDAsImRlbGV0ZSI6NjAwMDAwMDAwMDAwLCJ1cGRhdGUiOjYwMDAwMDAwMDAwMH19",
          "dependencies": [
            "aws_ecr_repository.lambda_ecr_repository",
            "aws_iam_role.lambda_execution_role",
            "module.youtube_secret.aws_secretsmanager_secret.this"
          ]
        }
      ]
    },
    {
      "mode": "managed",
      "type": "aws_s3_bucket",
      "name": "s3_data_lake_bucket",
      "provider": "provider[\"registry.terraform.io/hashicorp/aws\"]",
      "instances": [
        {
          "schema_version": 0,
          "attributes": {
            "acceleration_status": "",
            "acl": null,
            "arn": "arn:aws:s3:::youtube-data-pipeline-bucket-1016",
            "bucket": "youtube-data-pipeline-bucket-1016",
            "bucket_domain_name": "youtube-data-pipeline-bucket-1016.s3.amazonaws.com",
            "bucket_prefix": "",
            "bucket_region": "ap-northeast-1",
            "bucket_regional_domain_name": "youtube-data-pipeline-bucket-1016.s3.ap-northeast-1.amazonaws.com",
            "cors_rule": [],
            "force_destroy": true,
            "grant": [
              {
                "id": "367c3faff15535e94bae5d24c4325bf185c5b84e7c1e8767b20ae52bfdd02628",
                "permissions": [
                  "FULL_CONTROL"
                ],
                "type": "CanonicalUser",
                "uri": ""
              }
            ],
            "hosted_zone_id": "Z2M4EHUR26P7ZW",
            "id": "youtube-data-pipeline-bucket-1016",
            "lifecycle_rule": [],
            "logging": [],
            "object_lock_configuration": [],
            "object_lock_enabled": false,
            "policy": "",
            "region": "ap-northeast-1",
            "replication_configuration": [],
            "request_payer": "BucketOwner",
            "server_side_encryption_configuration": [
              {
                "rule": [
                  {
                    "apply_server_side_encryption_by_default": [
                      {
                        "kms_master_key_id": "",
                        "sse_algorithm": "AES256"
                      }
                    ],
                    "bucket_key_enabled": false
                  }
                ]
              }
            ],
            "tags": {
              "Environment": "Dev",
              "Project": "YouTubeDataPipeline"
            },
            "tags_all": {
              "Environment": "Dev",
              "Project": "YouTubeDataPipeline"
            },
            "timeouts": null,
            "versioning": [
              {
                "enabled": false,
                "mfa_delete": false
              }
            ],
            "website": [],
            "website_domain": null,
            "website_endpoint": null
          },
          "sensitive_attributes": [],
          "identity_schema_version": 0,
          "identity": {
            "account_id": "879363564916",
            "bucket": "youtube-data-pipeline-bucket-1016",
            "region": "ap-northeast-1"
          },
          "private": "eyJlMmJmYjczMC1lY2FhLTExZTYtOGY4OC0zNDM2M2JjN2M0YzAiOnsiY3JlYXRlIjoxMjAwMDAwMDAwMDAwLCJkZWxldGUiOjM2MDAwMDAwMDAwMDAsInJlYWQiOjEyMDAwMDAwMDAwMDAsInVwZGF0ZSI6MTIwMDAwMDAwMDAwMH19"
        }
      ]
    },
    {
      "mode": "managed",
      "type": "aws_s3_bucket",
      "name": "s3_glue_script_bucket",
      "provider": "provider[\"registry.terraform.io/hashicorp/aws\"]",
      "instances": [
        {
          "schema_version": 0,
          "attributes": {
            "acceleration_status": "",
            "acl": null,
            "arn": "arn:aws:s3:::youtube-glue-job-script-1016",
            "bucket": "youtube-glue-job-script-1016",
            "bucket_domain_name": "youtube-glue-job-script-1016.s3.amazonaws.com",
            "bucket_prefix": "",
            "bucket_region": "ap-northeast-1",
            "bucket_regional_domain_name": "youtube-glue-job-script-1016.s3.ap-northeast-1.amazonaws.com",
            "cors_rule": [],
            "force_destroy": true,
            "grant": [
              {
                "id": "367c3faff15535e94bae5d24c4325bf185c5b84e7c1e8767b20ae52bfdd02628",
                "permissions": [
                  "FULL_CONTROL"
                ],
                "type": "CanonicalUser",
                "uri": ""
              }
            ],
            "hosted_zone_id": "Z2M4EHUR26P7ZW",
            "id": "youtube-glue-job-script-1016",
            "lifecycle_rule": [],
            "logging": [],
            "object_lock_configuration": [],
            "object_lock_enabled": false,
            "policy": "",
            "region": "ap-northeast-1",
            "replication_configuration": [],
            "request_payer": "BucketOwner",
            "server_side_encryption_configuration": [
              {
                "rule": [
                  {
                    "apply_server_side_encryption_by_default": [
                      {
                        "kms_master_key_id": "",
                        "sse_algorithm": "AES256"
                      }
                    ],
                    "bucket_key_enabled": false
                  }
                ]
              }
            ],
            "tags": {
              "Environment": "Dev",
              "Project": "YouTubeDataPipeline"
            },
            "tags_all": {
              "Environment": "Dev",
              "Project": "YouTubeDataPipeline"
            },
            "timeouts": null,
            "versioning": [
              {
                "enabled": false,
                "mfa_delete": false
              }
            ],
            "website": [],
            "website_domain": null,
            "website_endpoint": null
          },
          "sensitive_attributes": [],
          "identity_schema_version": 0,
          "identity": {
            "account_id": "879363564916",
            "bucket": "youtube-glue-job-script-1016",
            "region": "ap-northeast-1"
          },
          "private": "eyJlMmJmYjczMC1lY2FhLTExZTYtOGY4OC0zNDM2M2JjN2M0YzAiOnsiY3JlYXRlIjoxMjAwMDAwMDAwMDAwLCJkZWxldGUiOjM2MDAwMDAwMDAwMDAsInJlYWQiOjEyMDAwMDAwMDAwMDAsInVwZGF0ZSI6MTIwMDAwMDAwMDAwMH19"
        }
      ]
    },
    {
      "mode": "managed",
      "type": "aws_s3_bucket_public_access_block",
      "name": "s3_data_lake_block",
      "provider": "provider[\"registry.terraform.io/hashicorp/aws\"]",
      "instances": [
        {
          "schema_version": 0,
          "attributes": {
            "block_public_acls": true,
            "block_public_policy": true,
            "bucket": "youtube-data-pipeline-bucket-1016",
            "id": "youtube-data-pipeline-bucket-1016",
            "ignore_public_acls": true,
            "region": "ap-northeast-1",
            "restrict_public_buckets": true,
            "skip_destroy": null
          },
          "sensitive_attributes": [],
          "identity_schema_version": 0,
          "identity": {
            "account_id": "879363564916",
            "bucket": "youtube-data-pipeline-bucket-1016",
            "region": "ap-northeast-1"
          },
          "private": "bnVsbA==",
          "dependencies": [
            "aws_s3_bucket.s3_data_lake_bucket"
          ]
        }
      ]
    },
    {
      "mode": "managed",
      "type": "aws_s3_bucket_public_access_block",
      "name": "s3_glue_script_block",
      "provider": "provider[\"registry.terraform.io/hashicorp/aws\"]",
      "instances": [
        {
          "schema_version": 0,
          "attributes": {
            "block_public_acls": true,
            "block_public_policy": true,
            "bucket": "youtube-glue-job-script-1016",
            "id": "youtube-glue-job-script-1016",
            "ignore_public_acls": true,
            "region": "ap-northeast-1",
            "restrict_public_buckets": true,
            "skip_destroy": null
          },
          "sensitive_attributes": [],
          "identity_schema_version": 0,
          "identity": {
            "account_id": "879363564916",
            "bucket": "youtube-glue-job-script-1016",
            "region": "ap-northeast-1"
          },
          "private": "bnVsbA==",
          "dependencies": [
            "aws_s3_bucket.s3_glue_script_bucket"
          ]
        }
      ]
    },
    {
      "mode": "managed",
      "type": "aws_sns_topic",
      "name": "alert_topic_sfn",
      "provider": "provider[\"registry.terraform.io/hashicorp/aws\"]",
      "instances": [
        {
          "schema_version": 0,
          "attributes": {
            "application_failure_feedback_role_arn": "",
            "application_success_feedback_role_arn": "",
            "application_success_feedback_sample_rate": 0,
            "archive_policy": "",
            "arn": "arn:aws:sns:ap-northeast-1:879363564916:youtube-etl-alert-topic",
            "beginning_archive_time": "",
            "content_based_deduplication": false,
            "delivery_policy": "",
            "display_name": "",
            "fifo_throughput_scope": "",
            "fifo_topic": false,
            "firehose_failure_feedback_role_arn": "",
            "firehose_success_feedback_role_arn": "",
            "firehose_success_feedback_sample_rate": 0,
            "http_failure_feedback_role_arn": "",
            "http_success_feedback_role_arn": "",
            "http_success_feedback_sample_rate": 0,
            "id": "arn:aws:sns:ap-northeast-1:879363564916:youtube-etl-alert-topic",
            "kms_master_key_id": "",
            "lambda_failure_feedback_role_arn": "",
            "lambda_success_feedback_role_arn": "",
            "lambda_success_feedback_sample_rate": 0,
            "name": "youtube-etl-alert-topic",
            "name_prefix": "",
            "owner": "879363564916",
            "policy": "{\"Id\":\"__default_policy_ID\",\"Statement\":[{\"Action\":[\"SNS:GetTopicAttributes\",\"SNS:SetTopicAttributes\",\"SNS:AddPermission\",\"SNS:RemovePermission\",\"SNS:DeleteTopic\",\"SNS:Subscribe\",\"SNS:ListSubscriptionsByTopic\",\"SNS:Publish\"],\"Condition\":{\"StringEquals\":{\"AWS:SourceOwner\":\"879363564916\"}},\"Effect\":\"Allow\",\"Principal\":{\"AWS\":\"*\"},\"Resource\":\"arn:aws:sns:ap-northeast-1:879363564916:youtube-etl-alert-topic\",\"Sid\":\"__default_statement_ID\"}],\"Version\":\"2008-10-17\"}",
            "region": "ap-northeast-1",
            "signature_version": 0,
            "sqs_failure_feedback_role_arn": "",
            "sqs_success_feedback_role_arn": "",
            "sqs_success_feedback_sample_rate": 0,
            "tags": {},
            "tags_all": {},
            "tracing_config": ""
          },
          "sensitive_attributes": [],
          "identity_schema_version": 0,
          "identity": {
            "arn": "arn:aws:sns:ap-northeast-1:879363564916:youtube-etl-alert-topic"
          },
          "private": "bnVsbA=="
        }
      ]
    },
    {
      "mode": "managed",
      "type": "aws_sns_topic_subscription",
      "name": "alert_email_subscription",
      "provider": "provider[\"registry.terraform.io/hashicorp/aws\"]",
      "instances": [
        {
          "schema_version": 0,
          "attributes": {
            "arn": "arn:aws:sns:ap-northeast-1:879363564916:youtube-etl-alert-topic:3fd6a5bd-60fd-4b85-86ae-8d52cf87b18a",
            "confirmation_timeout_in_minutes": 1,
            "confirmation_was_authenticated": false,
            "delivery_policy": "",
            "endpoint": "your-actual-alert-email@company.com",
            "endpoint_auto_confirms": false,
            "filter_policy": "",
            "filter_policy_scope": "",
            "id": "arn:aws:sns:ap-northeast-1:879363564916:youtube-etl-alert-topic:3fd6a5bd-60fd-4b85-86ae-8d52cf87b18a",
            "owner_id": "879363564916",
            "pending_confirmation": true,
            "protocol": "email",
            "raw_message_delivery": false,
            "redrive_policy": "",
            "region": "ap-northeast-1",
            "replay_policy": "",
            "subscription_role_arn": "",
            "topic_arn": "arn:aws:sns:ap-northeast-1:879363564916:youtube-etl-alert-topic"
          },
          "sensitive_attributes": [],
          "identity_schema_version": 0,
          "identity": {
            "arn": "arn:aws:sns:ap-northeast-1:879363564916:youtube-etl-alert-topic:3fd6a5bd-60fd-4b85-86ae-8d52cf87b18a"
          },
          "private": "bnVsbA==",
          "dependencies": [
            "aws_sns_topic.alert_topic_sfn"
          ]
        }
      ]
    },
    {
      "mode": "managed",
      "type": "google_bigquery_dataset",
      "name": "bq_data_set",
      "provider": "provider[\"registry.terraform.io/hashicorp/google\"]",
      "instances": [
        {
          "schema_version": 0,
          "attributes": {
            "access": [
              {
                "condition": [],
                "dataset": [],
                "domain": "",
                "group_by_email": "",
                "iam_member": "",
                "role": "OWNER",
                "routine": [],
                "special_group": "",
                "user_by_email": "takuma18152@gmail.com",
                "view": []
              },
              {
                "condition": [],
                "dataset": [],
                "domain": "",
                "group_by_email": "",
                "iam_member": "",
                "role": "OWNER",
                "routine": [],
                "special_group": "projectOwners",
                "user_by_email": "",
                "view": []
              },
              {
                "condition": [],
                "dataset": [],
                "domain": "",
                "group_by_email": "",
                "iam_member": "",
                "role": "READER",
                "routine": [],
                "special_group": "projectReaders",
                "user_by_email": "",
                "view": []
              },
              {
                "condition": [],
                "dataset": [],
                "domain": "",
                "group_by_email": "",
                "iam_member": "",
                "role": "WRITER",
                "routine": [],
                "special_group": "projectWriters",
                "user_by_email": "",
                "view": []
              }
            ],
            "creation_time": 1761023255125,
            "dataset_id": "youtube_project_processed_data",
            "default_collation": "",
            "default_encryption_configuration": [],
            "default_partition_expiration_ms": 0,
            "default_table_expiration_ms": 0,
            "delete_contents_on_destroy": false,
            "description": "AWS Glueからの加工データを受け取るためのデータセット",
            "effective_labels": {
              "goog-terraform-provisioned": "true"
            },
            "etag": "5RjgtTtFeamDJZdXFvExFw==",
            "external_catalog_dataset_options": [],
            "external_dataset_reference": [],
            "friendly_name": "Processed Data for YouTube Project",
            "id": "projects/project-youtube-472803/datasets/youtube_project_processed_data",
            "is_case_insensitive": false,
            "labels": {},
            "last_modified_time": 1761023255125,
            "location": "asia-northeast1",
            "max_time_travel_hours": "168",
            "project": "project-youtube-472803",
            "resource_tags": {},
            "self_link": "https://bigquery.googleapis.com/bigquery/v2/projects/project-youtube-472803/datasets/youtube_project_processed_data",
            "storage_billing_model": "",
            "terraform_labels": {
              "goog-terraform-provisioned": "true"
            },
            "timeouts": null
          },
          "sensitive_attributes": [],
          "identity_schema_version": 0,
          "private": "eyJlMmJmYjczMC1lY2FhLTExZTYtOGY4OC0zNDM2M2JjN2M0YzAiOnsiY3JlYXRlIjoxMjAwMDAwMDAwMDAwLCJkZWxldGUiOjEyMDAwMDAwMDAwMDAsInVwZGF0ZSI6MTIwMDAwMDAwMDAwMH19"
        }
      ]
    },
    {
      "mode": "managed",
      "type": "google_bigquery_table",
      "name": "bq_data_table",
      "provider": "provider[\"registry.terraform.io/hashicorp/google\"]",
      "instances": [
        {
          "index_key": "ikimonogakari_channel",
          "schema_version": 0,
          "attributes": {
            "biglake_configuration": [],
            "clustering": null,
            "creation_time": 1761023256602,
            "dataset_id": "youtube_project_processed_data",
            "deletion_protection": true,
            "description": "",
            "effective_labels": {
              "goog-terraform-provisioned": "true"
            },
            "encryption_configuration": [],
            "etag": "EF31B81qsPJom2Xa9oaXtg==",
            "expiration_time": 0,
            "external_catalog_table_options": [],
            "external_data_configuration": [],
            "friendly_name": "",
            "generated_schema_columns": "",
            "id": "projects/project-youtube-472803/datasets/youtube_project_processed_data/tables/ikimonogakari_channel",
            "ignore_auto_generated_schema": false,
            "ignore_schema_changes": null,
            "labels": {},
            "last_modified_time": 1761023256729,
            "location": "asia-northeast1",
            "materialized_view": [],
            "max_staleness": "",
            "num_bytes": 0,
            "num_long_term_bytes": 0,
            "num_rows": 0,
            "project": "project-youtube-472803",
            "range_partitioning": [],
            "require_partition_filter": false,
            "resource_tags": {},
            "schema": "[{\"mode\":\"REQUIRED\",\"name\":\"published_at\",\"type\":\"TIMESTAMP\"},{\"mode\":\"NULLABLE\",\"name\":\"video_count\",\"type\":\"INTEGER\"},{\"mode\":\"NULLABLE\",\"name\":\"total_views\",\"type\":\"INTEGER\"},{\"mode\":\"REQUIRED\",\"name\":\"channel_id\",\"type\":\"STRING\"},{\"mode\":\"NULLABLE\",\"name\":\"subscriber_count\",\"type\":\"INTEGER\"},{\"mode\":\"NULLABLE\",\"name\":\"channel_name\",\"type\":\"STRING\"}]",
            "schema_foreign_type_info": [],
            "self_link": "https://bigquery.googleapis.com/bigquery/v2/projects/project-youtube-472803/datasets/youtube_project_processed_data/tables/ikimonogakari_channel",
            "table_constraints": [],
            "table_id": "ikimonogakari_channel",
            "table_metadata_view": null,
            "table_replication_info": [],
            "terraform_labels": {
              "goog-terraform-provisioned": "true"
            },
            "time_partitioning": [
              {
                "expiration_ms": 0,
                "field": "",
                "require_partition_filter": false,
                "type": "DAY"
              }
            ],
            "type": "TABLE",
            "view": []
          },
          "sensitive_attributes": [],
          "identity_schema_version": 0,
          "private": "bnVsbA==",
          "dependencies": [
            "google_bigquery_dataset.bq_data_set"
          ]
        },
        {
          "index_key": "ikimonogakari_comment",
          "schema_version": 0,
          "attributes": {
            "biglake_configuration": [],
            "clustering": null,
            "creation_time": 1761023256638,
            "dataset_id": "youtube_project_processed_data",
            "deletion_protection": true,
            "description": "",
            "effective_labels": {
              "goog-terraform-provisioned": "true"
            },
            "encryption_configuration": [],
            "etag": "ZQpuGKd6cMwdUF5B8CpFUA==",
            "expiration_time": 0,
            "external_catalog_table_options": [],
            "external_data_configuration": [],
            "friendly_name": "",
            "generated_schema_columns": "",
            "id": "projects/project-youtube-472803/datasets/youtube_project_processed_data/tables/ikimonogakari_comment",
            "ignore_auto_generated_schema": false,
            "ignore_schema_changes": null,
            "labels": {},
            "last_modified_time": 1761023256729,
            "location": "asia-northeast1",
            "materialized_view": [],
            "max_staleness": "",
            "num_bytes": 0,
            "num_long_term_bytes": 0,
            "num_rows": 0,
            "project": "project-youtube-472803",
            "range_partitioning": [],
            "require_partition_filter": false,
            "resource_tags": {},
            "schema": "[{\"mode\":\"NULLABLE\",\"name\":\"video_id\",\"type\":\"STRING\"},{\"mode\":\"REQUIRED\",\"name\":\"comment_id\",\"type\":\"STRING\"},{\"mode\":\"NULLABLE\",\"name\":\"author_display_name\",\"type\":\"STRING\"},{\"mode\":\"REQUIRED\",\"name\":\"published_at\",\"type\":\"TIMESTAMP\"},{\"mode\":\"NULLABLE\",\"name\":\"text_display\",\"type\":\"STRING\"},{\"mode\":\"NULLABLE\",\"name\":\"like_count\",\"type\":\"INTEGER\"}]",
            "schema_foreign_type_info": [],
            "self_link": "https://bigquery.googleapis.com/bigquery/v2/projects/project-youtube-472803/datasets/youtube_project_processed_data/tables/ikimonogakari_comment",
            "table_constraints": [],
            "table_id": "ikimonogakari_comment",
            "table_metadata_view": null,
            "table_replication_info": [],
            "terraform_labels": {
              "goog-terraform-provisioned": "true"
            },
            "time_partitioning": [
              {
                "expiration_ms": 0,
                "field": "",
                "require_partition_filter": false,
                "type": "DAY"
              }
            ],
            "type": "TABLE",
            "view": []
          },
          "sensitive_attributes": [],
          "identity_schema_version": 0,
          "private": "bnVsbA==",
          "dependencies": [
            "google_bigquery_dataset.bq_data_set"
          ]
        },
        {
          "index_key": "ikimonogakari_video",
          "schema_version": 0,
          "attributes": {
            "biglake_configuration": [],
            "clustering": null,
            "creation_time": 1761023256621,
            "dataset_id": "youtube_project_processed_data",
            "deletion_protection": true,
            "description": "",
            "effective_labels": {
              "goog-terraform-provisioned": "true"
            },
            "encryption_configuration": [],
            "etag": "4n6Gq7MXvVSHJaA0MtypuQ==",
            "expiration_time": 0,
            "external_catalog_table_options": [],
            "external_data_configuration": [],
            "friendly_name": "",
            "generated_schema_columns": "",
            "id": "projects/project-youtube-472803/datasets/youtube_project_processed_data/tables/ikimonogakari_video",
            "ignore_auto_generated_schema": false,
            "ignore_schema_changes": null,
            "labels": {},
            "last_modified_time": 1761023256726,
            "location": "asia-northeast1",
            "materialized_view": [],
            "max_staleness": "",
            "num_bytes": 0,
            "num_long_term_bytes": 0,
            "num_rows": 0,
            "project": "project-youtube-472803",
            "range_partitioning": [],
            "require_partition_filter": false,
            "resource_tags": {},
            "schema": "[{\"mode\":\"REQUIRED\",\"name\":\"video_id\",\"type\":\"STRING\"},{\"mode\":\"NULLABLE\",\"name\":\"title\",\"type\":\"STRING\"},{\"mode\":\"REQUIRED\",\"name\":\"published_at\",\"type\":\"TIMESTAMP\"},{\"mode\":\"NULLABLE\",\"name\":\"view_count\",\"type\":\"INTEGER\"},{\"mode\":\"NULLABLE\",\"name\":\"like_count\",\"type\":\"INTEGER\"},{\"mode\":\"NULLABLE\",\"name\":\"comment_count\",\"type\":\"INTEGER\"},{\"mode\":\"NULLABLE\",\"name\":\"duration\",\"type\":\"STRING\"},{\"mode\":\"NULLABLE\",\"name\":\"tags\",\"type\":\"STRING\"},{\"mode\":\"NULLABLE\",\"name\":\"total_seconds\",\"type\":\"INTEGER\"}]",
            "schema_foreign_type_info": [],
            "self_link": "https://bigquery.googleapis.com/bigquery/v2/projects/project-youtube-472803/datasets/youtube_project_processed_data/tables/ikimonogakari_video",
            "table_constraints": [],
            "table_id": "ikimonogakari_video",
            "table_metadata_view": null,
            "table_replication_info": [],
            "terraform_labels": {
              "goog-terraform-provisioned": "true"
            },
            "time_partitioning": [
              {
                "expiration_ms": 0,
                "field": "",
                "require_partition_filter": false,
                "type": "DAY"
              }
            ],
            "type": "TABLE",
            "view": []
          },
          "sensitive_attributes": [],
          "identity_schema_version": 0,
          "private": "bnVsbA==",
          "dependencies": [
            "google_bigquery_dataset.bq_data_set"
          ]
        },
        {
          "index_key": "spitz_channel",
          "schema_version": 0,
          "attributes": {
            "biglake_configuration": [],
            "clustering": null,
            "creation_time": 1761023256624,
            "dataset_id": "youtube_project_processed_data",
            "deletion_protection": true,
            "description": "",
            "effective_labels": {
              "goog-terraform-provisioned": "true"
            },
            "encryption_configuration": [],
            "etag": "2bfVoFw4AWJi1FahNCOSRw==",
            "expiration_time": 0,
            "external_catalog_table_options": [],
            "external_data_configuration": [],
            "friendly_name": "",
            "generated_schema_columns": "",
            "id": "projects/project-youtube-472803/datasets/youtube_project_processed_data/tables/spitz_channel",
            "ignore_auto_generated_schema": false,
            "ignore_schema_changes": null,
            "labels": {},
            "last_modified_time": 1761023256726,
            "location": "asia-northeast1",
            "materialized_view": [],
            "max_staleness": "",
            "num_bytes": 0,
            "num_long_term_bytes": 0,
            "num_rows": 0,
            "project": "project-youtube-472803",
            "range_partitioning": [],
            "require_partition_filter": false,
            "resource_tags": {},
            "schema": "[{\"mode\":\"REQUIRED\",\"name\":\"published_at\",\"type\":\"TIMESTAMP\"},{\"mode\":\"NULLABLE\",\"name\":\"video_count\",\"type\":\"INTEGER\"},{\"mode\":\"NULLABLE\",\"name\":\"total_views\",\"type\":\"INTEGER\"},{\"mode\":\"REQUIRED\",\"name\":\"channel_id\",\"type\":\"STRING\"},{\"mode\":\"NULLABLE\",\"name\":\"subscriber_count\",\"type\":\"INTEGER\"},{\"mode\":\"NULLABLE\",\"name\":\"channel_name\",\"type\":\"STRING\"}]",
            "schema_foreign_type_info": [],
            "self_link": "https://bigquery.googleapis.com/bigquery/v2/projects/project-youtube-472803/datasets/youtube_project_processed_data/tables/spitz_channel",
            "table_constraints": [],
            "table_id": "spitz_channel",
            "table_metadata_view": null,
            "table_replication_info": [],
            "terraform_labels": {
              "goog-terraform-provisioned": "true"
            },
            "time_partitioning": [
              {
                "expiration_ms": 0,
                "field": "",
                "require_partition_filter": false,
                "type": "DAY"
              }
            ],
            "type": "TABLE",
            "view": []
          },
          "sensitive_attributes": [],
          "identity_schema_version": 0,
          "private": "bnVsbA==",
          "dependencies": [
            "google_bigquery_dataset.bq_data_set"
          ]
        },
        {
          "index_key": "spitz_comment",
          "schema_version": 0,
          "attributes": {
            "biglake_configuration": [],
            "clustering": null,
            "creation_time": 1761023259860,
            "dataset_id": "youtube_project_processed_data",
            "deletion_protection": true,
            "description": "",
            "effective_labels": {
              "goog-terraform-provisioned": "true"
            },
            "encryption_configuration": [],
            "etag": "mDFAmxuQCwNRCbPM8B6nXw==",
            "expiration_time": 0,
            "external_catalog_table_options": [],
            "external_data_configuration": [],
            "friendly_name": "",
            "generated_schema_columns": "",
            "id": "projects/project-youtube-472803/datasets/youtube_project_processed_data/tables/spitz_comment",
            "ignore_auto_generated_schema": false,
            "ignore_schema_changes": null,
            "labels": {},
            "last_modified_time": 1761023259880,
            "location": "asia-northeast1",
            "materialized_view": [],
            "max_staleness": "",
            "num_bytes": 0,
            "num_long_term_bytes": 0,
            "num_rows": 0,
            "project": "project-youtube-472803",
            "range_partitioning": [],
            "require_partition_filter": false,
            "resource_tags": {},
            "schema": "[{\"mode\":\"NULLABLE\",\"name\":\"video_id\",\"type\":\"STRING\"},{\"mode\":\"REQUIRED\",\"name\":\"comment_id\",\"type\":\"STRING\"},{\"mode\":\"NULLABLE\",\"name\":\"author_display_name\",\"type\":\"STRING\"},{\"mode\":\"REQUIRED\",\"name\":\"published_at\",\"type\":\"TIMESTAMP\"},{\"mode\":\"NULLABLE\",\"name\":\"text_display\",\"type\":\"STRING\"},{\"mode\":\"NULLABLE\",\"name\":\"like_count\",\"type\":\"INTEGER\"}]",
            "schema_foreign_type_info": [],
            "self_link": "https://bigquery.googleapis.com/bigquery/v2/projects/project-youtube-472803/datasets/youtube_project_processed_data/tables/spitz_comment",
            "table_constraints": [],
            "table_id": "spitz_comment",
            "table_metadata_view": null,
            "table_replication_info": [],
            "terraform_labels": {
              "goog-terraform-provisioned": "true"
            },
            "time_partitioning": [
              {
                "expiration_ms": 0,
                "field": "",
                "require_partition_filter": false,
                "type": "DAY"
              }
            ],
            "type": "TABLE",
            "view": []
          },
          "sensitive_attributes": [],
          "identity_schema_version": 0,
          "private": "bnVsbA==",
          "dependencies": [
            "google_bigquery_dataset.bq_data_set"
          ]
        },
        {
          "index_key": "spitz_video",
          "schema_version": 0,
          "attributes": {
            "biglake_configuration": [],
            "clustering": null,
            "creation_time": 1761023259867,
            "dataset_id": "youtube_project_processed_data",
            "deletion_protection": true,
            "description": "",
            "effective_labels": {
              "goog-terraform-provisioned": "true"
            },
            "encryption_configuration": [],
            "etag": "B4g4lAyXJ/Ollp5gTds+Xw==",
            "expiration_time": 0,
            "external_catalog_table_options": [],
            "external_data_configuration": [],
            "friendly_name": "",
            "generated_schema_columns": "",
            "id": "projects/project-youtube-472803/datasets/youtube_project_processed_data/tables/spitz_video",
            "ignore_auto_generated_schema": false,
            "ignore_schema_changes": null,
            "labels": {},
            "last_modified_time": 1761023259926,
            "location": "asia-northeast1",
            "materialized_view": [],
            "max_staleness": "",
            "num_bytes": 0,
            "num_long_term_bytes": 0,
            "num_rows": 0,
            "project": "project-youtube-472803",
            "range_partitioning": [],
            "require_partition_filter": false,
            "resource_tags": {},
            "schema": "[{\"mode\":\"REQUIRED\",\"name\":\"video_id\",\"type\":\"STRING\"},{\"mode\":\"NULLABLE\",\"name\":\"title\",\"type\":\"STRING\"},{\"mode\":\"REQUIRED\",\"name\":\"published_at\",\"type\":\"TIMESTAMP\"},{\"mode\":\"NULLABLE\",\"name\":\"view_count\",\"type\":\"INTEGER\"},{\"mode\":\"NULLABLE\",\"name\":\"like_count\",\"type\":\"INTEGER\"},{\"mode\":\"NULLABLE\",\"name\":\"comment_count\",\"type\":\"INTEGER\"},{\"mode\":\"NULLABLE\",\"name\":\"duration\",\"type\":\"STRING\"},{\"mode\":\"NULLABLE\",\"name\":\"tags\",\"type\":\"STRING\"},{\"mode\":\"NULLABLE\",\"name\":\"total_seconds\",\"type\":\"INTEGER\"}]",
            "schema_foreign_type_info": [],
            "self_link": "https://bigquery.googleapis.com/bigquery/v2/projects/project-youtube-472803/datasets/youtube_project_processed_data/tables/spitz_video",
            "table_constraints": [],
            "table_id": "spitz_video",
            "table_metadata_view": null,
            "table_replication_info": [],
            "terraform_labels": {
              "goog-terraform-provisioned": "true"
            },
            "time_partitioning": [
              {
                "expiration_ms": 0,
                "field": "",
                "require_partition_filter": false,
                "type": "DAY"
              }
            ],
            "type": "TABLE",
            "view": []
          },
          "sensitive_attributes": [],
          "identity_schema_version": 0,
          "private": "bnVsbA==",
          "dependencies": [
            "google_bigquery_dataset.bq_data_set"
          ]
        },
        {
          "index_key": "sukima-switch_channel",
          "schema_version": 0,
          "attributes": {
            "biglake_configuration": [],
            "clustering": null,
            "creation_time": 1761023259860,
            "dataset_id": "youtube_project_processed_data",
            "deletion_protection": true,
            "description": "",
            "effective_labels": {
              "goog-terraform-provisioned": "true"
            },
            "encryption_configuration": [],
            "etag": "1N5EsnTmbualdfGYGJuttg==",
            "expiration_time": 0,
            "external_catalog_table_options": [],
            "external_data_configuration": [],
            "friendly_name": "",
            "generated_schema_columns": "",
            "id": "projects/project-youtube-472803/datasets/youtube_project_processed_data/tables/sukima-switch_channel",
            "ignore_auto_generated_schema": false,
            "ignore_schema_changes": null,
            "labels": {},
            "last_modified_time": 1761023259926,
            "location": "asia-northeast1",
            "materialized_view": [],
            "max_staleness": "",
            "num_bytes": 0,
            "num_long_term_bytes": 0,
            "num_rows": 0,
            "project": "project-youtube-472803",
            "range_partitioning": [],
            "require_partition_filter": false,
            "resource_tags": {},
            "schema": "[{\"mode\":\"REQUIRED\",\"name\":\"published_at\",\"type\":\"TIMESTAMP\"},{\"mode\":\"NULLABLE\",\"name\":\"video_count\",\"type\":\"INTEGER\"},{\"mode\":\"NULLABLE\",\"name\":\"total_views\",\"type\":\"INTEGER\"},{\"mode\":\"REQUIRED\",\"name\":\"channel_id\",\"type\":\"STRING\"},{\"mode\":\"NULLABLE\",\"name\":\"subscriber_count\",\"type\":\"INTEGER\"},{\"mode\":\"NULLABLE\",\"name\":\"channel_name\",\"type\":\"STRING\"}]",
            "schema_foreign_type_info": [],
            "self_link": "https://bigquery.googleapis.com/bigquery/v2/projects/project-youtube-472803/datasets/youtube_project_processed_data/tables/sukima-switch_channel",
            "table_constraints": [],
            "table_id": "sukima-switch_channel",
            "table_metadata_view": null,
            "table_replication_info": [],
            "terraform_labels": {
              "goog-terraform-provisioned": "true"
            },
            "time_partitioning": [
              {
                "expiration_ms": 0,
                "field": "",
                "require_partition_filter": false,
                "type": "DAY"
              }
            ],
            "type": "TABLE",
            "view": []
          },
          "sensitive_attributes": [],
          "identity_schema_version": 0,
          "private": "bnVsbA==",
          "dependencies": [
            "google_bigquery_dataset.bq_data_set"
          ]
        },
        {
          "index_key": "sukima-switch_comment",
          "schema_version": 0,
          "attributes": {
            "biglake_configuration": [],
            "clustering": null,
            "creation_time": 1761023259860,
            "dataset_id": "youtube_project_processed_data",
            "deletion_protection": true,
            "description": "",
            "effective_labels": {
              "goog-terraform-provisioned": "true"
            },
            "encryption_configuration": [],
            "etag": "nVhB/uAAfIHmjz+FvZfzkw==",
            "expiration_time": 0,
            "external_catalog_table_options": [],
            "external_data_configuration": [],
            "friendly_name": "",
            "generated_schema_columns": "",
            "id": "projects/project-youtube-472803/datasets/youtube_project_processed_data/tables/sukima-switch_comment",
            "ignore_auto_generated_schema": false,
            "ignore_schema_changes": null,
            "labels": {},
            "last_modified_time": 1761023259876,
            "location": "asia-northeast1",
            "materialized_view": [],
            "max_staleness": "",
            "num_bytes": 0,
            "num_long_term_bytes": 0,
            "num_rows": 0,
            "project": "project-youtube-472803",
            "range_partitioning": [],
            "require_partition_filter": false,
            "resource_tags": {},
            "schema": "[{\"mode\":\"NULLABLE\",\"name\":\"video_id\",\"type\":\"STRING\"},{\"mode\":\"REQUIRED\",\"name\":\"comment_id\",\"type\":\"STRING\"},{\"mode\":\"NULLABLE\",\"name\":\"author_display_name\",\"type\":\"STRING\"},{\"mode\":\"REQUIRED\",\"name\":\"published_at\",\"type\":\"TIMESTAMP\"},{\"mode\":\"NULLABLE\",\"name\":\"text_display\",\"type\":\"STRING\"},{\"mode\":\"NULLABLE\",\"name\":\"like_count\",\"type\":\"INTEGER\"}]",
            "schema_foreign_type_info": [],
            "self_link": "https://bigquery.googleapis.com/bigquery/v2/projects/project-youtube-472803/datasets/youtube_project_processed_data/tables/sukima-switch_comment",
            "table_constraints": [],
            "table_id": "sukima-switch_comment",
            "table_metadata_view": null,
            "table_replication_info": [],
            "terraform_labels": {
              "goog-terraform-provisioned": "true"
            },
            "time_partitioning": [
              {
                "expiration_ms": 0,
                "field": "",
                "require_partition_filter": false,
                "type": "DAY"
              }
            ],
            "type": "TABLE",
            "view": []
          },
          "sensitive_attributes": [],
          "identity_schema_version": 0,
          "private": "bnVsbA==",
          "dependencies": [
            "google_bigquery_dataset.bq_data_set"
          ]
        },
        {
          "index_key": "sukima-switch_video",
          "schema_version": 0,
          "attributes": {
            "biglake_configuration": [],
            "clustering": null,
            "creation_time": 1761023259867,
            "dataset_id": "youtube_project_processed_data",
            "deletion_protection": true,
            "description": "",
            "effective_labels": {
              "goog-terraform-provisioned": "true"
            },
            "encryption_configuration": [],
            "etag": "NR4kCGP6j8emYK1iIf2SEA==",
            "expiration_time": 0,
            "external_catalog_table_options": [],
            "external_data_configuration": [],
            "friendly_name": "",
            "generated_schema_columns": "",
            "id": "projects/project-youtube-472803/datasets/youtube_project_processed_data/tables/sukima-switch_video",
            "ignore_auto_generated_schema": false,
            "ignore_schema_changes": null,
            "labels": {},
            "last_modified_time": 1761023259930,
            "location": "asia-northeast1",
            "materialized_view": [],
            "max_staleness": "",
            "num_bytes": 0,
            "num_long_term_bytes": 0,
            "num_rows": 0,
            "project": "project-youtube-472803",
            "range_partitioning": [],
            "require_partition_filter": false,
            "resource_tags": {},
            "schema": "[{\"mode\":\"REQUIRED\",\"name\":\"video_id\",\"type\":\"STRING\"},{\"mode\":\"NULLABLE\",\"name\":\"title\",\"type\":\"STRING\"},{\"mode\":\"REQUIRED\",\"name\":\"published_at\",\"type\":\"TIMESTAMP\"},{\"mode\":\"NULLABLE\",\"name\":\"view_count\",\"type\":\"INTEGER\"},{\"mode\":\"NULLABLE\",\"name\":\"like_count\",\"type\":\"INTEGER\"},{\"mode\":\"NULLABLE\",\"name\":\"comment_count\",\"type\":\"INTEGER\"},{\"mode\":\"NULLABLE\",\"name\":\"duration\",\"type\":\"STRING\"},{\"mode\":\"NULLABLE\",\"name\":\"tags\",\"type\":\"STRING\"},{\"mode\":\"NULLABLE\",\"name\":\"total_seconds\",\"type\":\"INTEGER\"}]",
            "schema_foreign_type_info": [],
            "self_link": "https://bigquery.googleapis.com/bigquery/v2/projects/project-youtube-472803/datasets/youtube_project_processed_data/tables/sukima-switch_video",
            "table_constraints": [],
            "table_id": "sukima-switch_video",
            "table_metadata_view": null,
            "table_replication_info": [],
            "terraform_labels": {
              "goog-terraform-provisioned": "true"
            },
            "time_partitioning": [
              {
                "expiration_ms": 0,
                "field": "",
                "require_partition_filter": false,
                "type": "DAY"
              }
            ],
            "type": "TABLE",
            "view": []
          },
          "sensitive_attributes": [],
          "identity_schema_version": 0,
          "private": "bnVsbA==",
          "dependencies": [
            "google_bigquery_dataset.bq_data_set"
          ]
        }
      ]
    },
    {
      "module": "module.bigquery_secret",
      "mode": "data",
      "type": "aws_iam_policy_document",
      "name": "this",
      "provider": "provider[\"registry.terraform.io/hashicorp/aws\"]",
      "instances": []
    },
    {
      "module": "module.bigquery_secret",
      "mode": "managed",
      "type": "aws_secretsmanager_secret",
      "name": "this",
      "provider": "provider[\"registry.terraform.io/hashicorp/aws\"]",
      "instances": [
        {
          "index_key": 0,
          "schema_version": 0,
          "attributes": {
            "arn": "arn:aws:secretsmanager:ap-northeast-1:879363564916:secret:project-youtube-bigquery-secret-key20251020132539949500000001-Ij8UXq",
            "description": "BigQuery service account key for project-youtube",
            "force_overwrite_replica_secret": false,
            "id": "arn:aws:secretsmanager:ap-northeast-1:879363564916:secret:project-youtube-bigquery-secret-key20251020132539949500000001-Ij8UXq",
            "kms_key_id": "",
            "name": "project-youtube-bigquery-secret-key20251020132539949500000001",
            "name_prefix": "project-youtube-bigquery-secret-key",
            "policy": "",
            "recovery_window_in_days": 14,
            "region": "ap-northeast-1",
            "replica": [],
            "tags": {},
            "tags_all": {}
          },
          "sensitive_attributes": [],
          "identity_schema_version": 0,
          "identity": {
            "arn": "arn:aws:secretsmanager:ap-northeast-1:879363564916:secret:project-youtube-bigquery-secret-key20251020132539949500000001-Ij8UXq"
          },
          "private": "bnVsbA=="
        }
      ]
    },
    {
      "module": "module.bigquery_secret",
      "mode": "managed",
      "type": "aws_secretsmanager_secret_policy",
      "name": "this",
      "provider": "provider[\"registry.terraform.io/hashicorp/aws\"]",
      "instances": []
    },
    {
      "module": "module.bigquery_secret",
      "mode": "managed",
      "type": "aws_secretsmanager_secret_rotation",
      "name": "this",
      "provider": "provider[\"registry.terraform.io/hashicorp/aws\"]",
      "instances": []
    },
    {
      "module": "module.bigquery_secret",
      "mode": "managed",
      "type": "aws_secretsmanager_secret_version",
      "name": "ignore_changes",
      "provider": "provider[\"registry.terraform.io/hashicorp/aws\"]",
      "instances": []
    },
    {
      "module": "module.bigquery_secret",
      "mode": "managed",
      "type": "aws_secretsmanager_secret_version",
      "name": "this",
      "provider": "provider[\"registry.terraform.io/hashicorp/aws\"]",
      "instances": [
        {
          "index_key": 0,
          "schema_version": 0,
          "attributes": {
            "arn": "arn:aws:secretsmanager:ap-northeast-1:879363564916:secret:project-youtube-bigquery-secret-key20251020132539949500000001-Ij8UXq",
            "has_secret_string_wo": null,
            "id": "arn:aws:secretsmanager:ap-northeast-1:879363564916:secret:project-youtube-bigquery-secret-key20251020132539949500000001-Ij8UXq|terraform-20251020132540180500000004",
            "region": "ap-northeast-1",
            "secret_binary": "",
            "secret_id": "arn:aws:secretsmanager:ap-northeast-1:879363564916:secret:project-youtube-bigquery-secret-key20251020132539949500000001-Ij8UXq",
            "secret_string": "{\"auth_provider_x509_cert_url\":\"PLACEHOLDER\",\"auth_uri\":\"PLACEHOLDER\",\"client_email\":\"PLACEHOLDER\",\"client_id\":\"PLACEHOLDER\",\"client_x509_cert_url\":\"PLACEHOLDER\",\"private_key\":\"PLACEHOLDER\",\"private_key_id\":\"PLACEHOLDER\",\"project_id\":\"PLACEHOLDER\",\"token_uri\":\"PLACEHOLDER\",\"type\":\"PLACEHOLDER\",\"universe_domain\":\"PLACEHOLDER\"}",
            "secret_string_wo": null,
            "secret_string_wo_version": null,
            "version_id": "terraform-20251020132540180500000004",
            "version_stages": [
              "AWSCURRENT"
            ]
          },
          "sensitive_attributes": [
            [
              {
                "type": "get_attr",
                "value": "secret_binary"
              }
            ],
            [
              {
                "type": "get_attr",
                "value": "secret_string"
              }
            ],
            [
              {
                "type": "get_attr",
                "value": "secret_string_wo"
              }
            ]
          ],
          "identity_schema_version": 0,
          "identity": {
            "account_id": "879363564916",
            "region": "ap-northeast-1",
            "secret_id": "arn:aws:secretsmanager:ap-northeast-1:879363564916:secret:project-youtube-bigquery-secret-key20251020132539949500000001-Ij8UXq",
            "version_id": "terraform-20251020132540180500000004"
          },
          "private": "bnVsbA==",
          "dependencies": [
            "module.bigquery_secret.aws_secretsmanager_secret.this",
            "module.bigquery_secret.ephemeral.random_password.this"
          ]
        }
      ]
    },
    {
      "module": "module.eventbridge",
      "mode": "data",
      "type": "aws_caller_identity",
      "name": "current",
      "provider": "provider[\"registry.terraform.io/hashicorp/aws\"]",
      "instances": [
        {
          "schema_version": 0,
          "attributes": {
            "account_id": "879363564916",
            "arn": "arn:aws:iam::879363564916:user/terraform-develop-user-admin",
            "id": "879363564916",
            "user_id": "AIDA4ZPRHEV2PWPSDKR5L"
          },
          "sensitive_attributes": [],
          "identity_schema_version": 0
        }
      ]
    },
    {
      "module": "module.eventbridge",
      "mode": "data",
      "type": "aws_cloudwatch_event_bus",
      "name": "this",
      "provider": "provider[\"registry.terraform.io/hashicorp/aws\"]",
      "instances": []
    },
    {
      "module": "module.eventbridge",
      "mode": "data",
      "type": "aws_iam_policy",
      "name": "tracing",
      "provider": "provider[\"registry.terraform.io/hashicorp/aws\"]",
      "instances": []
    },
    {
      "module": "module.eventbridge",
      "mode": "data",
      "type": "aws_iam_policy_document",
      "name": "additional_inline",
      "provider": "provider[\"registry.terraform.io/hashicorp/aws\"]",
      "instances": []
    },
    {
      "module": "module.eventbridge",
      "mode": "data",
      "type": "aws_iam_policy_document",
      "name": "api_destination",
      "provider": "provider[\"registry.terraform.io/hashicorp/aws\"]",
      "instances": []
    },
    {
      "module": "module.eventbridge",
      "mode": "data",
      "type": "aws_iam_policy_document",
      "name": "assume_role",
      "provider": "provider[\"registry.terraform.io/hashicorp/aws\"]",
      "instances": [
        {
          "index_key": 0,
          "schema_version": 0,
          "attributes": {
            "id": "4002480605",
            "json": "{\n  \"Version\": \"2012-10-17\",\n  \"Statement\": [\n    {\n      \"Effect\": \"Allow\",\n      \"Action\": \"sts:AssumeRole\",\n      \"Principal\": {\n        \"Service\": [\n          \"scheduler.amazonaws.com\",\n          \"events.amazonaws.com\"\n        ]\n      }\n    }\n  ]\n}",
            "minified_json": "{\"Version\":\"2012-10-17\",\"Statement\":[{\"Effect\":\"Allow\",\"Action\":\"sts:AssumeRole\",\"Principal\":{\"Service\":[\"scheduler.amazonaws.com\",\"events.amazonaws.com\"]}}]}",
            "override_json": null,
            "override_policy_documents": null,
            "policy_id": null,
            "source_json": null,
            "source_policy_documents": null,
            "statement": [
              {
                "actions": [
                  "sts:AssumeRole"
                ],
                "condition": [],
                "effect": "Allow",
                "not_actions": [],
                "not_principals": [],
                "not_resources": [],
                "principals": [
                  {
                    "identifiers": [
                      "events.amazonaws.com",
                      "scheduler.amazonaws.com"
                    ],
                    "type": "Service"
                  }
                ],
                "resources": [],
                "sid": ""
              }
            ],
            "version": "2012-10-17"
          },
          "sensitive_attributes": [],
          "identity_schema_version": 0
        }
      ]
    },
    {
      "module": "module.eventbridge",
      "mode": "data",
      "type": "aws_iam_policy_document",
      "name": "assume_role_pipe",
      "provider": "provider[\"registry.terraform.io/hashicorp/aws\"]",
      "instances": []
    },
    {
      "module": "module.eventbridge",
      "mode": "data",
      "type": "aws_iam_policy_document",
      "name": "cloudwatch",
      "provider": "provider[\"registry.terraform.io/hashicorp/aws\"]",
      "instances": []
    },
    {
      "module": "module.eventbridge",
      "mode": "data",
      "type": "aws_iam_policy_document",
      "name": "ecs",
      "provider": "provider[\"registry.terraform.io/hashicorp/aws\"]",
      "instances": []
    },
    {
      "module": "module.eventbridge",
      "mode": "data",
      "type": "aws_iam_policy_document",
      "name": "kinesis",
      "provider": "provider[\"registry.terraform.io/hashicorp/aws\"]",
      "instances": []
    },
    {
      "module": "module.eventbridge",
      "mode": "data",
      "type": "aws_iam_policy_document",
      "name": "kinesis_firehose",
      "provider": "provider[\"registry.terraform.io/hashicorp/aws\"]",
      "instances": []
    },
    {
      "module": "module.eventbridge",
      "mode": "data",
      "type": "aws_iam_policy_document",
      "name": "lambda",
      "provider": "provider[\"registry.terraform.io/hashicorp/aws\"]",
      "instances": [
        {
          "index_key": 0,
          "schema_version": 0,
          "attributes": {
            "id": "906171158",
            "json": "{\n  \"Version\": \"2012-10-17\",\n  \"Statement\": [\n    {\n      \"Sid\": \"LambdaAccess\",\n      \"Effect\": \"Allow\",\n      \"Action\": \"lambda:InvokeFunction\",\n      \"Resource\": \"arn:aws:lambda:ap-northeast-1:879363564916:function:youtube-data-scraper\"\n    }\n  ]\n}",
            "minified_json": "{\"Version\":\"2012-10-17\",\"Statement\":[{\"Sid\":\"LambdaAccess\",\"Effect\":\"Allow\",\"Action\":\"lambda:InvokeFunction\",\"Resource\":\"arn:aws:lambda:ap-northeast-1:879363564916:function:youtube-data-scraper\"}]}",
            "override_json": null,
            "override_policy_documents": null,
            "policy_id": null,
            "source_json": null,
            "source_policy_documents": null,
            "statement": [
              {
                "actions": [
                  "lambda:InvokeFunction"
                ],
                "condition": [],
                "effect": "Allow",
                "not_actions": [],
                "not_principals": [],
                "not_resources": [],
                "principals": [],
                "resources": [
                  "arn:aws:lambda:ap-northeast-1:879363564916:function:youtube-data-scraper"
                ],
                "sid": "LambdaAccess"
              }
            ],
            "version": "2012-10-17"
          },
          "sensitive_attributes": [],
          "identity_schema_version": 0
        }
      ]
    },
    {
      "module": "module.eventbridge",
      "mode": "data",
      "type": "aws_iam_policy_document",
      "name": "service",
      "provider": "provider[\"registry.terraform.io/hashicorp/aws\"]",
      "instances": []
    },
    {
      "module": "module.eventbridge",
      "mode": "data",
      "type": "aws_iam_policy_document",
      "name": "sfn",
      "provider": "provider[\"registry.terraform.io/hashicorp/aws\"]",
      "instances": [
        {
          "index_key": 0,
          "schema_version": 0,
          "attributes": {
            "id": "2328206012",
            "json": "{\n  \"Version\": \"2012-10-17\",\n  \"Statement\": [\n    {\n      \"Sid\": \"StepFunctionAccess\",\n      \"Effect\": \"Allow\",\n      \"Action\": \"states:StartExecution\",\n      \"Resource\": \"arn:aws:states:ap-northeast-1:879363564916:stateMachine:youtube-glue-workflow\"\n    }\n  ]\n}",
            "minified_json": "{\"Version\":\"2012-10-17\",\"Statement\":[{\"Sid\":\"StepFunctionAccess\",\"Effect\":\"Allow\",\"Action\":\"states:StartExecution\",\"Resource\":\"arn:aws:states:ap-northeast-1:879363564916:stateMachine:youtube-glue-workflow\"}]}",
            "override_json": null,
            "override_policy_documents": null,
            "policy_id": null,
            "source_json": null,
            "source_policy_documents": null,
            "statement": [
              {
                "actions": [
                  "states:StartExecution"
                ],
                "condition": [],
                "effect": "Allow",
                "not_actions": [],
                "not_principals": [],
                "not_resources": [],
                "principals": [],
                "resources": [
                  "arn:aws:states:ap-northeast-1:879363564916:stateMachine:youtube-glue-workflow"
                ],
                "sid": "StepFunctionAccess"
              }
            ],
            "version": "2012-10-17"
          },
          "sensitive_attributes": [],
          "identity_schema_version": 0
        }
      ]
    },
    {
      "module": "module.eventbridge",
      "mode": "data",
      "type": "aws_iam_policy_document",
      "name": "sns",
      "provider": "provider[\"registry.terraform.io/hashicorp/aws\"]",
      "instances": []
    },
    {
      "module": "module.eventbridge",
      "mode": "data",
      "type": "aws_iam_policy_document",
      "name": "sqs",
      "provider": "provider[\"registry.terraform.io/hashicorp/aws\"]",
      "instances": []
    },
    {
      "module": "module.eventbridge",
      "mode": "data",
      "type": "aws_partition",
      "name": "current",
      "provider": "provider[\"registry.terraform.io/hashicorp/aws\"]",
      "instances": [
        {
          "schema_version": 0,
          "attributes": {
            "dns_suffix": "amazonaws.com",
            "id": "aws",
            "partition": "aws",
            "reverse_dns_prefix": "com.amazonaws"
          },
          "sensitive_attributes": [],
          "identity_schema_version": 0
        }
      ]
    },
    {
      "module": "module.eventbridge",
      "mode": "data",
      "type": "aws_region",
      "name": "current",
      "provider": "provider[\"registry.terraform.io/hashicorp/aws\"]",
      "instances": [
        {
          "schema_version": 0,
          "attributes": {
            "description": "Asia Pacific (Tokyo)",
            "endpoint": "ec2.ap-northeast-1.amazonaws.com",
            "id": "ap-northeast-1",
            "name": "ap-northeast-1",
            "region": "ap-northeast-1"
          },
          "sensitive_attributes": [],
          "identity_schema_version": 0
        }
      ]
    },
    {
      "module": "module.eventbridge",
      "mode": "managed",
      "type": "aws_cloudwatch_event_api_destination",
      "name": "this",
      "provider": "provider[\"registry.terraform.io/hashicorp/aws\"]",
      "instances": []
    },
    {
      "module": "module.eventbridge",
      "mode": "managed",
      "type": "aws_cloudwatch_event_archive",
      "name": "this",
      "provider": "provider[\"registry.terraform.io/hashicorp/aws\"]",
      "instances": []
    },
    {
      "module": "module.eventbridge",
      "mode": "managed",
      "type": "aws_cloudwatch_event_bus",
      "name": "this",
      "provider": "provider[\"registry.terraform.io/hashicorp/aws\"]",
      "instances": [
        {
          "index_key": 0,
          "schema_version": 0,
          "attributes": {
            "arn": "arn:aws:events:ap-northeast-1:879363564916:event-bus/youtube-pipeline-event-bus",
            "dead_letter_config": [],
            "description": "",
            "event_source_name": null,
            "id": "youtube-pipeline-event-bus",
            "kms_key_identifier": "",
            "log_config": [
              {
                "include_detail": "FULL",
                "level": "INFO"
              }
            ],
            "name": "youtube-pipeline-event-bus",
            "region": "ap-northeast-1",
            "tags": {
              "Environment": "Dev",
              "Project": "YouTubeDataPipeline"
            },
            "tags_all": {
              "Environment": "Dev",
              "Project": "YouTubeDataPipeline"
            }
          },
          "sensitive_attributes": [],
          "identity_schema_version": 0,
          "private": "bnVsbA=="
        }
      ]
    },
    {
      "module": "module.eventbridge",
      "mode": "managed",
      "type": "aws_cloudwatch_event_connection",
      "name": "this",
      "provider": "provider[\"registry.terraform.io/hashicorp/aws\"]",
      "instances": []
    },
    {
      "module": "module.eventbridge",
      "mode": "managed",
      "type": "aws_cloudwatch_event_permission",
      "name": "this",
      "provider": "provider[\"registry.terraform.io/hashicorp/aws\"]",
      "instances": []
    },
    {
      "module": "module.eventbridge",
      "mode": "managed",
      "type": "aws_cloudwatch_event_rule",
      "name": "this",
      "provider": "provider[\"registry.terraform.io/hashicorp/aws\"]",
      "instances": [
        {
          "index_key": "scraper_completed_event",
          "schema_version": 1,
          "attributes": {
            "arn": "arn:aws:events:ap-northeast-1:879363564916:rule/youtube-pipeline-event-bus/scraper-completed-event-rule",
            "description": "Lambdaのスクレイピング完了イベントを捕捉し、SFNを起動",
            "event_bus_name": "youtube-pipeline-event-bus",
            "event_pattern": "{\"DetailType\":[\"ScrapingCompleted\"],\"Source\":[\"my-scraper\"]}",
            "force_destroy": false,
            "id": "youtube-pipeline-event-bus/scraper-completed-event-rule",
            "is_enabled": true,
            "name": "scraper-completed-event-rule",
            "name_prefix": "",
            "region": "ap-northeast-1",
            "role_arn": "",
            "schedule_expression": "",
            "state": "ENABLED",
            "tags": {
              "Environment": "Dev",
              "Name": "scraper-completed-event-rule",
              "Project": "YouTubeDataPipeline"
            },
            "tags_all": {
              "Environment": "Dev",
              "Name": "scraper-completed-event-rule",
              "Project": "YouTubeDataPipeline"
            }
          },
          "sensitive_attributes": [],
          "identity_schema_version": 0,
          "identity": {
            "account_id": "879363564916",
            "name": "scraper-completed-event-rule",
            "region": "ap-northeast-1"
          },
          "private": "eyJzY2hlbWFfdmVyc2lvbiI6IjEifQ==",
          "dependencies": [
            "aws_ecr_repository.lambda_ecr_repository",
            "aws_iam_role.lambda_execution_role",
            "aws_lambda_function.youtube_lambda_scraper",
            "module.eventbridge.aws_cloudwatch_event_bus.this",
            "module.eventbridge.aws_iam_role.eventbridge",
            "module.eventbridge.data.aws_iam_policy_document.assume_role",
            "module.youtube_secret.aws_secretsmanager_secret.this"
          ]
        }
      ]
    },
    {
      "module": "module.eventbridge",
      "mode": "managed",
      "type": "aws_cloudwatch_event_target",
      "name": "this",
      "provider": "provider[\"registry.terraform.io/hashicorp/aws\"]",
      "instances": [
        {
          "index_key": "start-sfn-workflow",
          "schema_version": 1,
          "attributes": {
            "appsync_target": [],
            "arn": "arn:aws:states:ap-northeast-1:879363564916:stateMachine:youtube-glue-workflow",
            "batch_target": [],
            "dead_letter_config": [],
            "ecs_target": [],
            "event_bus_name": "youtube-pipeline-event-bus",
            "force_destroy": false,
            "http_target": [],
            "id": "youtube-pipeline-event-bus-scraper-completed-event-rule-terraform-20251023002005254500000001",
            "input": "",
            "input_path": "",
            "input_transformer": [
              {
                "input_paths": {
                  "lambda_output": "$.detail"
                },
                "input_template": "\u003clambda_output\u003e"
              }
            ],
            "kinesis_target": [],
            "redshift_target": [],
            "region": "ap-northeast-1",
            "retry_policy": [],
            "role_arn": "arn:aws:iam::879363564916:role/youtube-pipeline-event-bus",
            "rule": "scraper-completed-event-rule",
            "run_command_targets": [],
            "sagemaker_pipeline_target": [],
            "sqs_target": [],
            "target_id": "terraform-20251023002005254500000001"
          },
          "sensitive_attributes": [],
          "identity_schema_version": 0,
          "identity": {
            "account_id": "879363564916",
            "event_bus_name": "youtube-pipeline-event-bus",
            "region": "ap-northeast-1",
            "rule": "scraper-completed-event-rule",
            "target_id": "terraform-20251023002005254500000001"
          },
          "private": "eyJzY2hlbWFfdmVyc2lvbiI6IjEifQ==",
          "dependencies": [
            "aws_ecr_repository.lambda_ecr_repository",
            "aws_glue_connection.bigquery_connection",
            "aws_glue_job.youtube_data_processing_job",
            "aws_iam_role.glue_job_execution_role",
            "aws_iam_role.lambda_execution_role",
            "aws_lambda_function.youtube_lambda_scraper",
            "aws_s3_bucket.s3_glue_script_bucket",
            "module.bigquery_secret.aws_secretsmanager_secret.this",
            "module.eventbridge.aws_cloudwatch_event_api_destination.this",
            "module.eventbridge.aws_cloudwatch_event_bus.this",
            "module.eventbridge.aws_cloudwatch_event_connection.this",
            "module.eventbridge.aws_cloudwatch_event_rule.this",
            "module.eventbridge.aws_iam_role.eventbridge",
            "module.eventbridge.data.aws_iam_policy_document.assume_role",
            "module.step-function.aws_cloudwatch_log_group.sfn",
            "module.step-function.aws_iam_role.this",
            "module.step-function.aws_sfn_state_machine.this",
            "module.step-function.data.aws_cloudwatch_log_group.sfn",
            "module.step-function.data.aws_iam_policy_document.assume_role",
            "module.step-function.data.aws_region.current",
            "module.youtube_secret.aws_secretsmanager_secret.this"
          ]
        }
      ]
    },
    {
      "module": "module.eventbridge",
      "mode": "managed",
      "type": "aws_cloudwatch_log_delivery_destination",
      "name": "this",
      "provider": "provider[\"registry.terraform.io/hashicorp/aws\"]",
      "instances": [
        {
          "index_key": "cloudwatch_logs",
          "schema_version": 0,
          "attributes": {
            "arn": "arn:aws:logs:ap-northeast-1:879363564916:delivery-destination:youtube-pipeline-event-bus-cloudwatch_logs",
            "delivery_destination_configuration": [
              {
                "destination_resource_arn": "arn:aws:logs:ap-northeast-1:879363564916:log-group:/aws/events/youtube-pipeline-event-bus-debug-log"
              }
            ],
            "delivery_destination_type": "CWL",
            "name": "youtube-pipeline-event-bus-cloudwatch_logs",
            "output_format": null,
            "region": "ap-northeast-1",
            "tags": {
              "Environment": "Dev",
              "Project": "YouTubeDataPipeline"
            },
            "tags_all": {
              "Environment": "Dev",
              "Project": "YouTubeDataPipeline"
            }
          },
          "sensitive_attributes": [],
          "identity_schema_version": 0,
          "dependencies": [
            "aws_cloudwatch_log_group.eventbridge_debug"
          ]
        }
      ]
    },
    {
      "module": "module.eventbridge",
      "mode": "managed",
      "type": "aws_iam_policy",
      "name": "additional_inline",
      "provider": "provider[\"registry.terraform.io/hashicorp/aws\"]",
      "instances": []
    },
    {
      "module": "module.eventbridge",
      "mode": "managed",
      "type": "aws_iam_policy",
      "name": "additional_json",
      "provider": "provider[\"registry.terraform.io/hashicorp/aws\"]",
      "instances": []
    },
    {
      "module": "module.eventbridge",
      "mode": "managed",
      "type": "aws_iam_policy",
      "name": "additional_jsons",
      "provider": "provider[\"registry.terraform.io/hashicorp/aws\"]",
      "instances": []
    },
    {
      "module": "module.eventbridge",
      "mode": "managed",
      "type": "aws_iam_policy",
      "name": "api_destination",
      "provider": "provider[\"registry.terraform.io/hashicorp/aws\"]",
      "instances": []
    },
    {
      "module": "module.eventbridge",
      "mode": "managed",
      "type": "aws_iam_policy",
      "name": "cloudwatch",
      "provider": "provider[\"registry.terraform.io/hashicorp/aws\"]",
      "instances": []
    },
    {
      "module": "module.eventbridge",
      "mode": "managed",
      "type": "aws_iam_policy",
      "name": "ecs",
      "provider": "provider[\"registry.terraform.io/hashicorp/aws\"]",
      "instances": []
    },
    {
      "module": "module.eventbridge",
      "mode": "managed",
      "type": "aws_iam_policy",
      "name": "kinesis",
      "provider": "provider[\"registry.terraform.io/hashicorp/aws\"]",
      "instances": []
    },
    {
      "module": "module.eventbridge",
      "mode": "managed",
      "type": "aws_iam_policy",
      "name": "kinesis_firehose",
      "provider": "provider[\"registry.terraform.io/hashicorp/aws\"]",
      "instances": []
    },
    {
      "module": "module.eventbridge",
      "mode": "managed",
      "type": "aws_iam_policy",
      "name": "lambda",
      "provider": "provider[\"registry.terraform.io/hashicorp/aws\"]",
      "instances": [
        {
          "index_key": 0,
          "schema_version": 0,
          "attributes": {
            "arn": "arn:aws:iam::879363564916:policy/youtube-pipeline-event-bus-lambda",
            "attachment_count": 0,
            "description": "",
            "id": "arn:aws:iam::879363564916:policy/youtube-pipeline-event-bus-lambda",
            "name": "youtube-pipeline-event-bus-lambda",
            "name_prefix": "",
            "path": "/",
            "policy": "{\"Statement\":[{\"Action\":\"lambda:InvokeFunction\",\"Effect\":\"Allow\",\"Resource\":\"arn:aws:lambda:ap-northeast-1:879363564916:function:youtube-data-scraper\",\"Sid\":\"LambdaAccess\"}],\"Version\":\"2012-10-17\"}",
            "policy_id": "ANPA4ZPRHEV2OJFK4BALQ",
            "tags": {
              "Environment": "Dev",
              "Name": "youtube-pipeline-event-bus-lambda",
              "Project": "YouTubeDataPipeline"
            },
            "tags_all": {
              "Environment": "Dev",
              "Name": "youtube-pipeline-event-bus-lambda",
              "Project": "YouTubeDataPipeline"
            }
          },
          "sensitive_attributes": [],
          "identity_schema_version": 0,
          "identity": {
            "arn": "arn:aws:iam::879363564916:policy/youtube-pipeline-event-bus-lambda"
          },
          "private": "bnVsbA==",
          "dependencies": [
            "aws_ecr_repository.lambda_ecr_repository",
            "aws_iam_role.lambda_execution_role",
            "aws_lambda_function.youtube_lambda_scraper",
            "module.eventbridge.data.aws_iam_policy_document.lambda",
            "module.youtube_secret.aws_secretsmanager_secret.this"
          ]
        }
      ]
    },
    {
      "module": "module.eventbridge",
      "mode": "managed",
      "type": "aws_iam_policy",
      "name": "service",
      "provider": "provider[\"registry.terraform.io/hashicorp/aws\"]",
      "instances": []
    },
    {
      "module": "module.eventbridge",
      "mode": "managed",
      "type": "aws_iam_policy",
      "name": "sfn",
      "provider": "provider[\"registry.terraform.io/hashicorp/aws\"]",
      "instances": [
        {
          "index_key": 0,
          "schema_version": 0,
          "attributes": {
            "arn": "arn:aws:iam::879363564916:policy/youtube-pipeline-event-bus-sfn",
            "attachment_count": 0,
            "description": "",
            "id": "arn:aws:iam::879363564916:policy/youtube-pipeline-event-bus-sfn",
            "name": "youtube-pipeline-event-bus-sfn",
            "name_prefix": "",
            "path": "/",
            "policy": "{\"Statement\":[{\"Action\":\"states:StartExecution\",\"Effect\":\"Allow\",\"Resource\":\"arn:aws:states:ap-northeast-1:879363564916:stateMachine:youtube-glue-workflow\",\"Sid\":\"StepFunctionAccess\"}],\"Version\":\"2012-10-17\"}",
            "policy_id": "ANPA4ZPRHEV2OUNNRWME4",
            "tags": {
              "Environment": "Dev",
              "Name": "youtube-pipeline-event-bus-sfn",
              "Project": "YouTubeDataPipeline"
            },
            "tags_all": {
              "Environment": "Dev",
              "Name": "youtube-pipeline-event-bus-sfn",
              "Project": "YouTubeDataPipeline"
            }
          },
          "sensitive_attributes": [],
          "identity_schema_version": 0,
          "identity": {
            "arn": "arn:aws:iam::879363564916:policy/youtube-pipeline-event-bus-sfn"
          },
          "private": "bnVsbA==",
          "dependencies": [
            "aws_glue_connection.bigquery_connection",
            "aws_glue_job.youtube_data_processing_job",
            "aws_iam_role.glue_job_execution_role",
            "aws_s3_bucket.s3_glue_script_bucket",
            "module.bigquery_secret.aws_secretsmanager_secret.this",
            "module.eventbridge.data.aws_iam_policy_document.sfn",
            "module.step-function.aws_cloudwatch_log_group.sfn",
            "module.step-function.aws_iam_role.this",
            "module.step-function.aws_sfn_state_machine.this",
            "module.step-function.data.aws_cloudwatch_log_group.sfn",
            "module.step-function.data.aws_iam_policy_document.assume_role",
            "module.step-function.data.aws_region.current"
          ]
        }
      ]
    },
    {
      "module": "module.eventbridge",
      "mode": "managed",
      "type": "aws_iam_policy",
      "name": "sns",
      "provider": "provider[\"registry.terraform.io/hashicorp/aws\"]",
      "instances": []
    },
    {
      "module": "module.eventbridge",
      "mode": "managed",
      "type": "aws_iam_policy",
      "name": "sqs",
      "provider": "provider[\"registry.terraform.io/hashicorp/aws\"]",
      "instances": []
    },
    {
      "module": "module.eventbridge",
      "mode": "managed",
      "type": "aws_iam_policy",
      "name": "tracing",
      "provider": "provider[\"registry.terraform.io/hashicorp/aws\"]",
      "instances": []
    },
    {
      "module": "module.eventbridge",
      "mode": "managed",
      "type": "aws_iam_policy_attachment",
      "name": "additional_inline",
      "provider": "provider[\"registry.terraform.io/hashicorp/aws\"]",
      "instances": []
    },
    {
      "module": "module.eventbridge",
      "mode": "managed",
      "type": "aws_iam_policy_attachment",
      "name": "additional_json",
      "provider": "provider[\"registry.terraform.io/hashicorp/aws\"]",
      "instances": []
    },
    {
      "module": "module.eventbridge",
      "mode": "managed",
      "type": "aws_iam_policy_attachment",
      "name": "additional_jsons",
      "provider": "provider[\"registry.terraform.io/hashicorp/aws\"]",
      "instances": []
    },
    {
      "module": "module.eventbridge",
      "mode": "managed",
      "type": "aws_iam_policy_attachment",
      "name": "api_destination",
      "provider": "provider[\"registry.terraform.io/hashicorp/aws\"]",
      "instances": []
    },
    {
      "module": "module.eventbridge",
      "mode": "managed",
      "type": "aws_iam_policy_attachment",
      "name": "cloudwatch",
      "provider": "provider[\"registry.terraform.io/hashicorp/aws\"]",
      "instances": []
    },
    {
      "module": "module.eventbridge",
      "mode": "managed",
      "type": "aws_iam_policy_attachment",
      "name": "ecs",
      "provider": "provider[\"registry.terraform.io/hashicorp/aws\"]",
      "instances": []
    },
    {
      "module": "module.eventbridge",
      "mode": "managed",
      "type": "aws_iam_policy_attachment",
      "name": "kinesis",
      "provider": "provider[\"registry.terraform.io/hashicorp/aws\"]",
      "instances": []
    },
    {
      "module": "module.eventbridge",
      "mode": "managed",
      "type": "aws_iam_policy_attachment",
      "name": "kinesis_firehose",
      "provider": "provider[\"registry.terraform.io/hashicorp/aws\"]",
      "instances": []
    },
    {
      "module": "module.eventbridge",
      "mode": "managed",
      "type": "aws_iam_policy_attachment",
      "name": "lambda",
      "provider": "provider[\"registry.terraform.io/hashicorp/aws\"]",
      "instances": [
        {
          "index_key": 0,
          "schema_version": 0,
          "attributes": {
            "groups": null,
            "id": "youtube-pipeline-event-bus-lambda",
            "name": "youtube-pipeline-event-bus-lambda",
            "policy_arn": "arn:aws:iam::879363564916:policy/youtube-pipeline-event-bus-lambda",
            "roles": [
              "youtube-pipeline-event-bus"
            ],
            "users": null
          },
          "sensitive_attributes": [],
          "identity_schema_version": 0,
          "private": "bnVsbA==",
          "dependencies": [
            "aws_ecr_repository.lambda_ecr_repository",
            "aws_iam_role.lambda_execution_role",
            "aws_lambda_function.youtube_lambda_scraper",
            "module.eventbridge.aws_iam_policy.lambda",
            "module.eventbridge.aws_iam_role.eventbridge",
            "module.eventbridge.data.aws_iam_policy_document.assume_role",
            "module.eventbridge.data.aws_iam_policy_document.lambda",
            "module.youtube_secret.aws_secretsmanager_secret.this"
          ]
        }
      ]
    },
    {
      "module": "module.eventbridge",
      "mode": "managed",
      "type": "aws_iam_policy_attachment",
      "name": "service",
      "provider": "provider[\"registry.terraform.io/hashicorp/aws\"]",
      "instances": []
    },
    {
      "module": "module.eventbridge",
      "mode": "managed",
      "type": "aws_iam_policy_attachment",
      "name": "sfn",
      "provider": "provider[\"registry.terraform.io/hashicorp/aws\"]",
      "instances": [
        {
          "index_key": 0,
          "schema_version": 0,
          "attributes": {
            "groups": null,
            "id": "youtube-pipeline-event-bus-sfn",
            "name": "youtube-pipeline-event-bus-sfn",
            "policy_arn": "arn:aws:iam::879363564916:policy/youtube-pipeline-event-bus-sfn",
            "roles": [
              "youtube-pipeline-event-bus"
            ],
            "users": null
          },
          "sensitive_attributes": [],
          "identity_schema_version": 0,
          "private": "bnVsbA==",
          "dependencies": [
            "aws_ecr_repository.lambda_ecr_repository",
            "aws_glue_connection.bigquery_connection",
            "aws_glue_job.youtube_data_processing_job",
            "aws_iam_role.glue_job_execution_role",
            "aws_iam_role.lambda_execution_role",
            "aws_lambda_function.youtube_lambda_scraper",
            "aws_s3_bucket.s3_glue_script_bucket",
            "module.bigquery_secret.aws_secretsmanager_secret.this",
            "module.eventbridge.aws_iam_policy.sfn",
            "module.eventbridge.aws_iam_role.eventbridge",
            "module.eventbridge.data.aws_iam_policy_document.assume_role",
            "module.eventbridge.data.aws_iam_policy_document.sfn",
            "module.step-function.aws_cloudwatch_log_group.sfn",
            "module.step-function.aws_iam_role.this",
            "module.step-function.aws_sfn_state_machine.this",
            "module.step-function.data.aws_cloudwatch_log_group.sfn",
            "module.step-function.data.aws_iam_policy_document.assume_role",
            "module.step-function.data.aws_region.current",
            "module.youtube_secret.aws_secretsmanager_secret.this"
          ]
        }
      ]
    },
    {
      "module": "module.eventbridge",
      "mode": "managed",
      "type": "aws_iam_policy_attachment",
      "name": "sns",
      "provider": "provider[\"registry.terraform.io/hashicorp/aws\"]",
      "instances": []
    },
    {
      "module": "module.eventbridge",
      "mode": "managed",
      "type": "aws_iam_policy_attachment",
      "name": "sqs",
      "provider": "provider[\"registry.terraform.io/hashicorp/aws\"]",
      "instances": []
    },
    {
      "module": "module.eventbridge",
      "mode": "managed",
      "type": "aws_iam_policy_attachment",
      "name": "tracing",
      "provider": "provider[\"registry.terraform.io/hashicorp/aws\"]",
      "instances": []
    },
    {
      "module": "module.eventbridge",
      "mode": "managed",
      "type": "aws_iam_role",
      "name": "eventbridge",
      "provider": "provider[\"registry.terraform.io/hashicorp/aws\"]",
      "instances": [
        {
          "index_key": 0,
          "schema_version": 0,
          "attributes": {
            "arn": "arn:aws:iam::879363564916:role/youtube-pipeline-event-bus",
            "assume_role_policy": "{\"Statement\":[{\"Action\":\"sts:AssumeRole\",\"Effect\":\"Allow\",\"Principal\":{\"Service\":[\"scheduler.amazonaws.com\",\"events.amazonaws.com\"]}}],\"Version\":\"2012-10-17\"}",
            "create_date": "2025-10-23T00:20:04Z",
            "description": "",
            "force_detach_policies": true,
            "id": "youtube-pipeline-event-bus",
            "inline_policy": [],
            "managed_policy_arns": [],
            "max_session_duration": 3600,
            "name": "youtube-pipeline-event-bus",
            "name_prefix": "",
            "path": "/",
            "permissions_boundary": "",
            "tags": {
              "Environment": "Dev",
              "Name": "youtube-pipeline-event-bus",
              "Project": "YouTubeDataPipeline"
            },
            "tags_all": {
              "Environment": "Dev",
              "Name": "youtube-pipeline-event-bus",
              "Project": "YouTubeDataPipeline"
            },
            "unique_id": "AROA4ZPRHEV2K5J32CDBL"
          },
          "sensitive_attributes": [],
          "identity_schema_version": 0,
          "identity": {
            "account_id": "879363564916",
            "name": "youtube-pipeline-event-bus"
          },
          "private": "bnVsbA==",
          "dependencies": [
            "aws_ecr_repository.lambda_ecr_repository",
            "aws_iam_role.lambda_execution_role",
            "aws_lambda_function.youtube_lambda_scraper",
            "module.eventbridge.data.aws_iam_policy_document.assume_role",
            "module.youtube_secret.aws_secretsmanager_secret.this"
          ]
        }
      ]
    },
    {
      "module": "module.eventbridge",
      "mode": "managed",
      "type": "aws_iam_role",
      "name": "eventbridge_pipe",
      "provider": "provider[\"registry.terraform.io/hashicorp/aws\"]",
      "instances": []
    },
    {
      "module": "module.eventbridge",
      "mode": "managed",
      "type": "aws_iam_role_policy_attachment",
      "name": "additional_many",
      "provider": "provider[\"registry.terraform.io/hashicorp/aws\"]",
      "instances": []
    },
    {
      "module": "module.eventbridge",
      "mode": "managed",
      "type": "aws_iam_role_policy_attachment",
      "name": "additional_one",
      "provider": "provider[\"registry.terraform.io/hashicorp/aws\"]",
      "instances": []
    },
    {
      "module": "module.eventbridge",
      "mode": "managed",
      "type": "aws_pipes_pipe",
      "name": "this",
      "provider": "provider[\"registry.terraform.io/hashicorp/aws\"]",
      "instances": []
    },
    {
      "module": "module.eventbridge",
      "mode": "managed",
      "type": "aws_scheduler_schedule",
      "name": "this",
      "provider": "provider[\"registry.terraform.io/hashicorp/aws\"]",
      "instances": [
        {
          "index_key": "ikimono_schedule",
          "schema_version": 0,
          "attributes": {
            "action_after_completion": "NONE",
            "arn": "arn:aws:scheduler:ap-northeast-1:879363564916:schedule/default/ikimono-schedule-schedule",
            "description": "Lambda trigger schedule for Channel Ikimono-Gakari",
            "end_date": "",
            "flexible_time_window": [
              {
                "maximum_window_in_minutes": 0,
                "mode": "OFF"
              }
            ],
            "group_name": "default",
            "id": "default/ikimono-schedule-schedule",
            "kms_key_arn": "",
            "name": "ikimono-schedule-schedule",
            "name_prefix": "",
            "region": "ap-northeast-1",
            "schedule_expression": "cron(0 6 ? * MON *)",
            "schedule_expression_timezone": "Asia/Tokyo",
            "start_date": "",
            "state": "ENABLED",
            "target": [
              {
                "arn": "arn:aws:lambda:ap-northeast-1:879363564916:function:youtube-data-scraper",
                "dead_letter_config": [],
                "ecs_parameters": [],
                "eventbridge_parameters": [],
                "input": "{\"ARTIST_NAME_DISPLAY\":\"いきものがかり\",\"ARTIST_NAME_SLUG\":\"ikimonogakari\",\"CHANNEL_ID\":\"UCflAJoghlGeSkdz5eNIl-sg\",\"POWERTOOLS_LOG_LEVEL\":\"INFO\",\"POWERTOOLS_SERVICE_NAME\":\"youtube_logger_tools_ikimono-gakari\"}",
                "kinesis_parameters": [],
                "retry_policy": [
                  {
                    "maximum_event_age_in_seconds": 86400,
                    "maximum_retry_attempts": 185
                  }
                ],
                "role_arn": "arn:aws:iam::879363564916:role/youtube-pipeline-event-bus",
                "sagemaker_pipeline_parameters": [],
                "sqs_parameters": []
              }
            ]
          },
          "sensitive_attributes": [],
          "identity_schema_version": 0,
          "private": "bnVsbA==",
          "dependencies": [
            "aws_ecr_repository.lambda_ecr_repository",
            "aws_iam_role.lambda_execution_role",
            "aws_lambda_function.youtube_lambda_scraper",
            "module.eventbridge.aws_iam_role.eventbridge",
            "module.eventbridge.aws_scheduler_schedule_group.this",
            "module.eventbridge.data.aws_iam_policy_document.assume_role",
            "module.youtube_secret.aws_secretsmanager_secret.this"
          ]
        },
        {
          "index_key": "sukima_schedule",
          "schema_version": 0,
          "attributes": {
            "action_after_completion": "NONE",
            "arn": "arn:aws:scheduler:ap-northeast-1:879363564916:schedule/default/sukima-schedule-schedule",
            "description": "Lambda trigger schedule for Channel Sukima-Switch",
            "end_date": "",
            "flexible_time_window": [
              {
                "maximum_window_in_minutes": 0,
                "mode": "OFF"
              }
            ],
            "group_name": "default",
            "id": "default/sukima-schedule-schedule",
            "kms_key_arn": "",
            "name": "sukima-schedule-schedule",
            "name_prefix": "",
            "region": "ap-northeast-1",
            "schedule_expression": "cron(0 6 ? * FRI *)",
            "schedule_expression_timezone": "Asia/Tokyo",
            "start_date": "",
            "state": "ENABLED",
            "target": [
              {
                "arn": "arn:aws:lambda:ap-northeast-1:879363564916:function:youtube-data-scraper",
                "dead_letter_config": [],
                "ecs_parameters": [],
                "eventbridge_parameters": [],
                "input": "{\"ARTIST_NAME_DISPLAY\":\"スキマスイッチ\",\"ARTIST_NAME_SLUG\":\"sukima-switch\",\"CHANNEL_ID\":\"UCCPkJMeZHhxKck-EptqQbBA\",\"POWERTOOLS_LOG_LEVEL\":\"INFO\",\"POWERTOOLS_SERVICE_NAME\":\"youtube_logger_tools_sukima-switch\"}",
                "kinesis_parameters": [],
                "retry_policy": [
                  {
                    "maximum_event_age_in_seconds": 86400,
                    "maximum_retry_attempts": 185
                  }
                ],
                "role_arn": "arn:aws:iam::879363564916:role/youtube-pipeline-event-bus",
                "sagemaker_pipeline_parameters": [],
                "sqs_parameters": []
              }
            ]
          },
          "sensitive_attributes": [],
          "identity_schema_version": 0,
          "private": "bnVsbA==",
          "dependencies": [
            "aws_ecr_repository.lambda_ecr_repository",
            "aws_iam_role.lambda_execution_role",
            "aws_lambda_function.youtube_lambda_scraper",
            "module.eventbridge.aws_iam_role.eventbridge",
            "module.eventbridge.aws_scheduler_schedule_group.this",
            "module.eventbridge.data.aws_iam_policy_document.assume_role",
            "module.youtube_secret.aws_secretsmanager_secret.this"
          ]
        }
      ]
    },
    {
      "module": "module.eventbridge",
      "mode": "managed",
      "type": "aws_scheduler_schedule_group",
      "name": "this",
      "provider": "provider[\"registry.terraform.io/hashicorp/aws\"]",
      "instances": []
    },
    {
      "module": "module.eventbridge",
      "mode": "managed",
      "type": "aws_schemas_discoverer",
      "name": "this",
      "provider": "provider[\"registry.terraform.io/hashicorp/aws\"]",
      "instances": []
    },
    {
      "module": "module.step-function",
      "mode": "data",
      "type": "aws_caller_identity",
      "name": "current",
      "provider": "provider[\"registry.terraform.io/hashicorp/aws\"]",
      "instances": [
        {
          "schema_version": 0,
          "attributes": {
            "account_id": "879363564916",
            "arn": "arn:aws:iam::879363564916:user/terraform-develop-user-admin",
            "id": "879363564916",
            "user_id": "AIDA4ZPRHEV2PWPSDKR5L"
          },
          "sensitive_attributes": [],
          "identity_schema_version": 0
        }
      ]
    },
    {
      "module": "module.step-function",
      "mode": "data",
      "type": "aws_cloudwatch_log_group",
      "name": "sfn",
      "provider": "provider[\"registry.terraform.io/hashicorp/aws\"]",
      "instances": []
    },
    {
      "module": "module.step-function",
      "mode": "data",
      "type": "aws_iam_policy_document",
      "name": "additional_inline",
      "provider": "provider[\"registry.terraform.io/hashicorp/aws\"]",
      "instances": []
    },
    {
      "module": "module.step-function",
      "mode": "data",
      "type": "aws_iam_policy_document",
      "name": "assume_role",
      "provider": "provider[\"registry.terraform.io/hashicorp/aws\"]",
      "instances": [
        {
          "index_key": 0,
          "schema_version": 0,
          "attributes": {
            "id": "1335888237",
            "json": "{\n  \"Version\": \"2012-10-17\",\n  \"Statement\": [\n    {\n      \"Effect\": \"Allow\",\n      \"Action\": \"sts:AssumeRole\",\n      \"Principal\": {\n        \"Service\": \"states.ap-northeast-1.amazonaws.com\"\n      }\n    }\n  ]\n}",
            "minified_json": "{\"Version\":\"2012-10-17\",\"Statement\":[{\"Effect\":\"Allow\",\"Action\":\"sts:AssumeRole\",\"Principal\":{\"Service\":\"states.ap-northeast-1.amazonaws.com\"}}]}",
            "override_json": null,
            "override_policy_documents": null,
            "policy_id": null,
            "source_json": null,
            "source_policy_documents": null,
            "statement": [
              {
                "actions": [
                  "sts:AssumeRole"
                ],
                "condition": [],
                "effect": "Allow",
                "not_actions": [],
                "not_principals": [],
                "not_resources": [],
                "principals": [
                  {
                    "identifiers": [
                      "states.ap-northeast-1.amazonaws.com"
                    ],
                    "type": "Service"
                  }
                ],
                "resources": [],
                "sid": ""
              }
            ],
            "version": "2012-10-17"
          },
          "sensitive_attributes": [],
          "identity_schema_version": 0
        }
      ]
    },
    {
      "module": "module.step-function",
      "mode": "data",
      "type": "aws_iam_policy_document",
      "name": "logs",
      "provider": "provider[\"registry.terraform.io/hashicorp/aws\"]",
      "instances": []
    },
    {
      "module": "module.step-function",
      "mode": "data",
      "type": "aws_iam_policy_document",
      "name": "service",
      "provider": "provider[\"registry.terraform.io/hashicorp/aws\"]",
      "instances": [
        {
          "index_key": "glue_Sync",
          "schema_version": 0,
          "attributes": {
            "id": "1622851603",
            "json": "{\n  \"Version\": \"2012-10-17\",\n  \"Statement\": [\n    {\n      \"Sid\": \"glueSyncGlue\",\n      \"Effect\": \"Allow\",\n      \"Action\": [\n        \"glue:StartJobRun\",\n        \"glue:GetJobRuns\",\n        \"glue:GetJobRun\",\n        \"glue:BatchStopJobRun\"\n      ],\n      \"Resource\": \"arn:aws:glue:ap-northeast-1:879363564916:job/youtube-data-processing-job\"\n    }\n  ]\n}",
            "minified_json": "{\"Version\":\"2012-10-17\",\"Statement\":[{\"Sid\":\"glueSyncGlue\",\"Effect\":\"Allow\",\"Action\":[\"glue:StartJobRun\",\"glue:GetJobRuns\",\"glue:GetJobRun\",\"glue:BatchStopJobRun\"],\"Resource\":\"arn:aws:glue:ap-northeast-1:879363564916:job/youtube-data-processing-job\"}]}",
            "override_json": null,
            "override_policy_documents": null,
            "policy_id": null,
            "source_json": null,
            "source_policy_documents": null,
            "statement": [
              {
                "actions": [
                  "glue:BatchStopJobRun",
                  "glue:GetJobRun",
                  "glue:GetJobRuns",
                  "glue:StartJobRun"
                ],
                "condition": [],
                "effect": "Allow",
                "not_actions": [],
                "not_principals": [],
                "not_resources": [],
                "principals": [],
                "resources": [
                  "arn:aws:glue:ap-northeast-1:879363564916:job/youtube-data-processing-job"
                ],
                "sid": "glueSyncGlue"
              }
            ],
            "version": "2012-10-17"
          },
          "sensitive_attributes": [],
          "identity_schema_version": 0
        }
      ]
    },
    {
      "module": "module.step-function",
      "mode": "data",
      "type": "aws_region",
      "name": "current",
      "provider": "provider[\"registry.terraform.io/hashicorp/aws\"]",
      "instances": [
        {
          "index_key": 0,
          "schema_version": 0,
          "attributes": {
            "description": "Asia Pacific (Tokyo)",
            "endpoint": "ec2.ap-northeast-1.amazonaws.com",
            "id": "ap-northeast-1",
            "name": "ap-northeast-1",
            "region": "ap-northeast-1"
          },
          "sensitive_attributes": [],
          "identity_schema_version": 0
        }
      ]
    },
    {
      "module": "module.step-function",
      "mode": "managed",
      "type": "aws_cloudwatch_log_group",
      "name": "sfn",
      "provider": "provider[\"registry.terraform.io/hashicorp/aws\"]",
      "instances": []
    },
    {
      "module": "module.step-function",
      "mode": "managed",
      "type": "aws_iam_policy",
      "name": "additional_inline",
      "provider": "provider[\"registry.terraform.io/hashicorp/aws\"]",
      "instances": []
    },
    {
      "module": "module.step-function",
      "mode": "managed",
      "type": "aws_iam_policy",
      "name": "additional_json",
      "provider": "provider[\"registry.terraform.io/hashicorp/aws\"]",
      "instances": []
    },
    {
      "module": "module.step-function",
      "mode": "managed",
      "type": "aws_iam_policy",
      "name": "additional_jsons",
      "provider": "provider[\"registry.terraform.io/hashicorp/aws\"]",
      "instances": []
    },
    {
      "module": "module.step-function",
      "mode": "managed",
      "type": "aws_iam_policy",
      "name": "logs",
      "provider": "provider[\"registry.terraform.io/hashicorp/aws\"]",
      "instances": []
    },
    {
      "module": "module.step-function",
      "mode": "managed",
      "type": "aws_iam_policy",
      "name": "service",
      "provider": "provider[\"registry.terraform.io/hashicorp/aws\"]",
      "instances": [
        {
          "index_key": "glue_Sync",
          "schema_version": 0,
          "attributes": {
            "arn": "arn:aws:iam::879363564916:policy/youtube-glue-workflow-glue_Sync",
            "attachment_count": 1,
            "description": "",
            "id": "arn:aws:iam::879363564916:policy/youtube-glue-workflow-glue_Sync",
            "name": "youtube-glue-workflow-glue_Sync",
            "name_prefix": "",
            "path": "/",
            "policy": "{\"Statement\":[{\"Action\":[\"glue:StartJobRun\",\"glue:GetJobRuns\",\"glue:GetJobRun\",\"glue:BatchStopJobRun\"],\"Effect\":\"Allow\",\"Resource\":\"arn:aws:glue:ap-northeast-1:879363564916:job/youtube-data-processing-job\",\"Sid\":\"glueSyncGlue\"}],\"Version\":\"2012-10-17\"}",
            "policy_id": "ANPA4ZPRHEV2EL6JC3FOA",
            "tags": {
              "Environment": "Dev",
              "Project": "YouTubeDataPipeline"
            },
            "tags_all": {
              "Environment": "Dev",
              "Project": "YouTubeDataPipeline"
            }
          },
          "sensitive_attributes": [],
          "identity_schema_version": 0,
          "identity": {
            "arn": "arn:aws:iam::879363564916:policy/youtube-glue-workflow-glue_Sync"
          },
          "private": "bnVsbA==",
          "dependencies": [
            "aws_glue_connection.bigquery_connection",
            "aws_glue_job.youtube_data_processing_job",
            "aws_iam_role.glue_job_execution_role",
            "aws_s3_bucket.s3_glue_script_bucket",
            "module.bigquery_secret.aws_secretsmanager_secret.this",
            "module.step-function.data.aws_caller_identity.current",
            "module.step-function.data.aws_iam_policy_document.service",
            "module.step-function.data.aws_region.current"
          ]
        }
      ]
    },
    {
      "module": "module.step-function",
      "mode": "managed",
      "type": "aws_iam_policy_attachment",
      "name": "additional_inline",
      "provider": "provider[\"registry.terraform.io/hashicorp/aws\"]",
      "instances": []
    },
    {
      "module": "module.step-function",
      "mode": "managed",
      "type": "aws_iam_policy_attachment",
      "name": "additional_json",
      "provider": "provider[\"registry.terraform.io/hashicorp/aws\"]",
      "instances": []
    },
    {
      "module": "module.step-function",
      "mode": "managed",
      "type": "aws_iam_policy_attachment",
      "name": "additional_jsons",
      "provider": "provider[\"registry.terraform.io/hashicorp/aws\"]",
      "instances": []
    },
    {
      "module": "module.step-function",
      "mode": "managed",
      "type": "aws_iam_policy_attachment",
      "name": "logs",
      "provider": "provider[\"registry.terraform.io/hashicorp/aws\"]",
      "instances": []
    },
    {
      "module": "module.step-function",
      "mode": "managed",
      "type": "aws_iam_policy_attachment",
      "name": "service",
      "provider": "provider[\"registry.terraform.io/hashicorp/aws\"]",
      "instances": [
        {
          "index_key": "glue_Sync",
          "schema_version": 0,
          "attributes": {
            "groups": [],
            "id": "youtube-glue-workflow-glue_Sync",
            "name": "youtube-glue-workflow-glue_Sync",
            "policy_arn": "arn:aws:iam::879363564916:policy/youtube-glue-workflow-glue_Sync",
            "roles": [
              "youtube-glue-workflow"
            ],
            "users": []
          },
          "sensitive_attributes": [],
          "identity_schema_version": 0,
          "private": "bnVsbA==",
          "dependencies": [
            "aws_glue_connection.bigquery_connection",
            "aws_glue_job.youtube_data_processing_job",
            "aws_iam_role.glue_job_execution_role",
            "aws_s3_bucket.s3_glue_script_bucket",
            "module.bigquery_secret.aws_secretsmanager_secret.this",
            "module.step-function.aws_iam_policy.service",
            "module.step-function.aws_iam_role.this",
            "module.step-function.data.aws_caller_identity.current",
            "module.step-function.data.aws_iam_policy_document.assume_role",
            "module.step-function.data.aws_iam_policy_document.service",
            "module.step-function.data.aws_region.current"
          ]
        }
      ]
    },
    {
      "module": "module.step-function",
      "mode": "managed",
      "type": "aws_iam_role",
      "name": "this",
      "provider": "provider[\"registry.terraform.io/hashicorp/aws\"]",
      "instances": [
        {
          "index_key": 0,
          "schema_version": 0,
          "attributes": {
            "arn": "arn:aws:iam::879363564916:role/youtube-glue-workflow",
            "assume_role_policy": "{\"Statement\":[{\"Action\":\"sts:AssumeRole\",\"Effect\":\"Allow\",\"Principal\":{\"Service\":\"states.ap-northeast-1.amazonaws.com\"}}],\"Version\":\"2012-10-17\"}",
            "create_date": "2025-10-19T07:52:02Z",
            "description": "",
            "force_detach_policies": true,
            "id": "youtube-glue-workflow",
            "inline_policy": [],
            "managed_policy_arns": [
              "arn:aws:iam::879363564916:policy/youtube-glue-workflow-glue_Sync"
            ],
            "max_session_duration": 3600,
            "name": "youtube-glue-workflow",
            "name_prefix": "",
            "path": "/",
            "permissions_boundary": "",
            "tags": {
              "Environment": "Dev",
              "Project": "YouTubeDataPipeline"
            },
            "tags_all": {
              "Environment": "Dev",
              "Project": "YouTubeDataPipeline"
            },
            "unique_id": "AROA4ZPRHEV2DLFG467MT"
          },
          "sensitive_attributes": [],
          "identity_schema_version": 0,
          "identity": {
            "account_id": "879363564916",
            "name": "youtube-glue-workflow"
          },
          "private": "bnVsbA==",
          "dependencies": [
            "module.step-function.data.aws_iam_policy_document.assume_role",
            "module.step-function.data.aws_region.current"
          ]
        }
      ]
    },
    {
      "module": "module.step-function",
      "mode": "managed",
      "type": "aws_iam_role_policy_attachment",
      "name": "additional_many",
      "provider": "provider[\"registry.terraform.io/hashicorp/aws\"]",
      "instances": []
    },
    {
      "module": "module.step-function",
      "mode": "managed",
      "type": "aws_iam_role_policy_attachment",
      "name": "additional_one",
      "provider": "provider[\"registry.terraform.io/hashicorp/aws\"]",
      "instances": []
    },
    {
      "module": "module.step-function",
      "mode": "managed",
      "type": "aws_sfn_state_machine",
      "name": "this",
      "provider": "provider[\"registry.terraform.io/hashicorp/aws\"]",
      "instances": [
        {
          "index_key": 0,
          "schema_version": 0,
          "attributes": {
            "arn": "arn:aws:states:ap-northeast-1:879363564916:stateMachine:youtube-glue-workflow",
            "creation_date": "2025-10-19T07:52:03Z",
            "definition": "{\n  \"Comment\": \"A description of my state machine\",\n  \"StartAt\": \"Glue StartJobRun\",\n  \"States\": {\n    \"Glue StartJobRun\": {\n      \"Type\": \"Task\",\n      \"Resource\": \"arn:aws:states:::glue:startJobRun\",\n      \"Parameters\": {\n        \"JobName\": \"youtube-data-processing-job\"\n      },\n      \"Catch\": [\n        {\n          \"ErrorEquals\": [\n            \"States.ALL\"\n          ],\n          \"Next\": \"SNS Publish\"\n        }\n      ],\n      \"End\": true\n    },\n    \"SNS Publish\": {\n      \"Type\": \"Task\",\n      \"Resource\": \"arn:aws:states:::sns:publish\",\n      \"Parameters\": {\n        \"Message.$\": \"$\"\n      },\n      \"End\": true\n    }\n  },\n  \"QueryLanguage\": \"JSONPath\",\n  \"TimeoutSeconds\": 600\n}\n",
            "description": "",
            "encryption_configuration": [
              {
                "kms_data_key_reuse_period_seconds": 0,
                "kms_key_id": "",
                "type": "AWS_OWNED_KEY"
              }
            ],
            "id": "arn:aws:states:ap-northeast-1:879363564916:stateMachine:youtube-glue-workflow",
            "logging_configuration": [
              {
                "include_execution_data": false,
                "level": "OFF",
                "log_destination": ""
              }
            ],
            "name": "youtube-glue-workflow",
            "name_prefix": "",
            "publish": false,
            "region": "ap-northeast-1",
            "revision_id": "5c025464-fdb3-4ce7-9d01-c9cc3bafe9e8",
            "role_arn": "arn:aws:iam::879363564916:role/youtube-glue-workflow",
            "state_machine_version_arn": "",
            "status": "ACTIVE",
            "tags": {
              "Environment": "Dev",
              "Name": "youtube-glue-workflow",
              "Project": "YouTubeDataPipeline"
            },
            "tags_all": {
              "Environment": "Dev",
              "Name": "youtube-glue-workflow",
              "Project": "YouTubeDataPipeline"
            },
            "timeouts": {
              "create": null,
              "delete": null,
              "update": null
            },
            "tracing_configuration": [
              {
                "enabled": false
              }
            ],
            "type": "STANDARD",
            "version_description": null
          },
          "sensitive_attributes": [],
          "identity_schema_version": 0,
          "identity": {
            "arn": "arn:aws:states:ap-northeast-1:879363564916:stateMachine:youtube-glue-workflow"
          },
          "private": "eyJlMmJmYjczMC1lY2FhLTExZTYtOGY4OC0zNDM2M2JjN2M0YzAiOnsiY3JlYXRlIjozMDAwMDAwMDAwMDAsImRlbGV0ZSI6MzAwMDAwMDAwMDAwLCJ1cGRhdGUiOjYwMDAwMDAwMDAwfX0=",
          "dependencies": [
            "aws_glue_connection.bigquery_connection",
            "aws_glue_job.youtube_data_processing_job",
            "aws_iam_role.glue_job_execution_role",
            "aws_s3_bucket.s3_glue_script_bucket",
            "module.bigquery_secret.aws_secretsmanager_secret.this",
            "module.step-function.aws_cloudwatch_log_group.sfn",
            "module.step-function.aws_iam_role.this",
            "module.step-function.data.aws_cloudwatch_log_group.sfn",
            "module.step-function.data.aws_iam_policy_document.assume_role",
            "module.step-function.data.aws_region.current"
          ]
        }
      ]
    },
    {
      "module": "module.youtube_secret",
      "mode": "data",
      "type": "aws_iam_policy_document",
      "name": "this",
      "provider": "provider[\"registry.terraform.io/hashicorp/aws\"]",
      "instances": []
    },
    {
      "module": "module.youtube_secret",
      "mode": "managed",
      "type": "aws_secretsmanager_secret",
      "name": "this",
      "provider": "provider[\"registry.terraform.io/hashicorp/aws\"]",
      "instances": [
        {
          "index_key": 0,
          "schema_version": 0,
          "attributes": {
            "arn": "arn:aws:secretsmanager:ap-northeast-1:879363564916:secret:project-youtube-youtube-api-key20251017211049415400000001-Q6fY1m",
            "description": "YouTube Data API Key for data scraper",
            "force_overwrite_replica_secret": false,
            "id": "arn:aws:secretsmanager:ap-northeast-1:879363564916:secret:project-youtube-youtube-api-key20251017211049415400000001-Q6fY1m",
            "kms_key_id": "",
            "name": "project-youtube-youtube-api-key20251017211049415400000001",
            "name_prefix": "project-youtube-youtube-api-key",
            "policy": "",
            "recovery_window_in_days": 14,
            "region": "ap-northeast-1",
            "replica": [],
            "tags": {},
            "tags_all": {}
          },
          "sensitive_attributes": [],
          "identity_schema_version": 0,
          "identity": {
            "arn": "arn:aws:secretsmanager:ap-northeast-1:879363564916:secret:project-youtube-youtube-api-key20251017211049415400000001-Q6fY1m"
          },
          "private": "bnVsbA=="
        }
      ]
    },
    {
      "module": "module.youtube_secret",
      "mode": "managed",
      "type": "aws_secretsmanager_secret_policy",
      "name": "this",
      "provider": "provider[\"registry.terraform.io/hashicorp/aws\"]",
      "instances": []
    },
    {
      "module": "module.youtube_secret",
      "mode": "managed",
      "type": "aws_secretsmanager_secret_rotation",
      "name": "this",
      "provider": "provider[\"registry.terraform.io/hashicorp/aws\"]",
      "instances": []
    },
    {
      "module": "module.youtube_secret",
      "mode": "managed",
      "type": "aws_secretsmanager_secret_version",
      "name": "ignore_changes",
      "provider": "provider[\"registry.terraform.io/hashicorp/aws\"]",
      "instances": []
    },
    {
      "module": "module.youtube_secret",
      "mode": "managed",
      "type": "aws_secretsmanager_secret_version",
      "name": "this",
      "provider": "provider[\"registry.terraform.io/hashicorp/aws\"]",
      "instances": [
        {
          "index_key": 0,
          "schema_version": 0,
          "attributes": {
            "arn": "arn:aws:secretsmanager:ap-northeast-1:879363564916:secret:project-youtube-youtube-api-key20251017211049415400000001-Q6fY1m",
            "has_secret_string_wo": null,
            "id": "arn:aws:secretsmanager:ap-northeast-1:879363564916:secret:project-youtube-youtube-api-key20251017211049415400000001-Q6fY1m|terraform-20251017211049665200000003",
            "region": "ap-northeast-1",
            "secret_binary": "",
            "secret_id": "arn:aws:secretsmanager:ap-northeast-1:879363564916:secret:project-youtube-youtube-api-key20251017211049415400000001-Q6fY1m",
            "secret_string": "{\"API_KEY\":\"PLACEHOLDER\"}",
            "secret_string_wo": null,
            "secret_string_wo_version": null,
            "version_id": "terraform-20251017211049665200000003",
            "version_stages": [
              "AWSPREVIOUS"
            ]
          },
          "sensitive_attributes": [
            [
              {
                "type": "get_attr",
                "value": "secret_binary"
              }
            ],
            [
              {
                "type": "get_attr",
                "value": "secret_string"
              }
            ],
            [
              {
                "type": "get_attr",
                "value": "secret_string_wo"
              }
            ]
          ],
          "identity_schema_version": 0,
          "identity": {
            "account_id": "879363564916",
            "region": "ap-northeast-1",
            "secret_id": "arn:aws:secretsmanager:ap-northeast-1:879363564916:secret:project-youtube-youtube-api-key20251017211049415400000001-Q6fY1m",
            "version_id": "terraform-20251017211049665200000003"
          },
          "private": "bnVsbA==",
          "dependencies": [
            "module.youtube_secret.aws_secretsmanager_secret.this",
            "module.youtube_secret.ephemeral.random_password.this"
          ]
        }
      ]
    }
  ],
  "check_results": [
    {
      "object_kind": "var",
      "config_addr": "module.step-function.var.type",
      "status": "pass",
      "objects": [
        {
          "object_addr": "module.step-function.var.type",
          "status": "pass"
        }
      ]
    }
  ]
}
